<?xml version="1.0" encoding="UTF-8"?>
<!DOCTYPE plist PUBLIC "-//Apple//DTD PLIST 1.0//EN" "http://www.apple.com/DTDs/PropertyList-1.0.dtd">
<plist version="1.0">
<dict>
	<key>archiveVersion</key>
	<string>1</string>
	<key>classes</key>
	<dict/>
	<key>objectVersion</key>
	<string>46</string>
	<key>objects</key>
	<dict>
		<key>221AFC2B1895603F00BD41A3</key>
		<dict>
			<key>isa</key>
			<string>PBXFileReference</string>
			<key>lastKnownFileType</key>
			<string>archive.ar</string>
			<key>name</key>
			<string>libPods-Facebook-iOS-SDK.a</string>
			<key>path</key>
			<string>Pods/build/Debug-iphonesimulator/libPods-Facebook-iOS-SDK.a</string>
			<key>sourceTree</key>
			<string>&lt;group&gt;</string>
		</dict>
		<key>221AFC2E189560AB00BD41A3</key>
		<dict>
			<key>isa</key>
			<string>PBXFileReference</string>
			<key>lastKnownFileType</key>
			<string>wrapper.framework</string>
			<key>name</key>
			<string>Parse.framework</string>
			<key>path</key>
			<string>Pods/Parse/Parse.framework</string>
			<key>sourceTree</key>
			<string>&lt;group&gt;</string>
		</dict>
		<key>221AFC2F189560AB00BD41A3</key>
		<dict>
			<key>fileRef</key>
			<string>221AFC2E189560AB00BD41A3</string>
			<key>isa</key>
			<string>PBXBuildFile</string>
		</dict>
		<key>221AFC30189560BA00BD41A3</key>
		<dict>
			<key>children</key>
			<array>
				<string>221AFC31189560BA00BD41A3</string>
				<string>221AFC32189560BA00BD41A3</string>
				<string>221AFC33189560BA00BD41A3</string>
				<string>221AFC34189560BA00BD41A3</string>
				<string>221AFC35189560BA00BD41A3</string>
				<string>221AFC36189560BA00BD41A3</string>
				<string>221AFC37189560BA00BD41A3</string>
			</array>
			<key>isa</key>
			<string>PBXGroup</string>
			<key>name</key>
			<string>CardIO</string>
			<key>path</key>
			<string>Pods/CardIO/CardIO</string>
			<key>sourceTree</key>
			<string>&lt;group&gt;</string>
		</dict>
		<key>221AFC31189560BA00BD41A3</key>
		<dict>
			<key>isa</key>
			<string>PBXFileReference</string>
			<key>lastKnownFileType</key>
			<string>sourcecode.c.h</string>
			<key>path</key>
			<string>CardIO.h</string>
			<key>sourceTree</key>
			<string>&lt;group&gt;</string>
		</dict>
		<key>221AFC32189560BA00BD41A3</key>
		<dict>
			<key>isa</key>
			<string>PBXFileReference</string>
			<key>lastKnownFileType</key>
			<string>sourcecode.c.h</string>
			<key>path</key>
			<string>CardIOCreditCardInfo.h</string>
			<key>sourceTree</key>
			<string>&lt;group&gt;</string>
		</dict>
		<key>221AFC33189560BA00BD41A3</key>
		<dict>
			<key>isa</key>
			<string>PBXFileReference</string>
			<key>lastKnownFileType</key>
			<string>sourcecode.c.h</string>
			<key>path</key>
			<string>CardIOPaymentViewController.h</string>
			<key>sourceTree</key>
			<string>&lt;group&gt;</string>
		</dict>
		<key>221AFC34189560BA00BD41A3</key>
		<dict>
			<key>isa</key>
			<string>PBXFileReference</string>
			<key>lastKnownFileType</key>
			<string>sourcecode.c.h</string>
			<key>path</key>
			<string>CardIOPaymentViewControllerDelegate.h</string>
			<key>sourceTree</key>
			<string>&lt;group&gt;</string>
		</dict>
		<key>221AFC35189560BA00BD41A3</key>
		<dict>
			<key>isa</key>
			<string>PBXFileReference</string>
			<key>lastKnownFileType</key>
			<string>sourcecode.c.h</string>
			<key>path</key>
			<string>CardIOView.h</string>
			<key>sourceTree</key>
			<string>&lt;group&gt;</string>
		</dict>
		<key>221AFC36189560BA00BD41A3</key>
		<dict>
			<key>isa</key>
			<string>PBXFileReference</string>
			<key>lastKnownFileType</key>
			<string>sourcecode.c.h</string>
			<key>path</key>
			<string>CardIOViewDelegate.h</string>
			<key>sourceTree</key>
			<string>&lt;group&gt;</string>
		</dict>
		<key>221AFC37189560BA00BD41A3</key>
		<dict>
			<key>isa</key>
			<string>PBXFileReference</string>
			<key>lastKnownFileType</key>
			<string>archive.ar</string>
			<key>path</key>
			<string>libCardIO.a</string>
			<key>sourceTree</key>
			<string>&lt;group&gt;</string>
		</dict>
		<key>221AFC38189560C700BD41A3</key>
		<dict>
			<key>fileRef</key>
			<string>221AFC37189560BA00BD41A3</string>
			<key>isa</key>
			<string>PBXBuildFile</string>
		</dict>
		<key>221AFC39189560FA00BD41A3</key>
		<dict>
			<key>isa</key>
			<string>PBXFileReference</string>
			<key>lastKnownFileType</key>
			<string>wrapper.framework</string>
			<key>name</key>
			<string>PayMillSDK.framework</string>
			<key>path</key>
			<string>Pods/PayMillSDK/samples/vouchermill/PayMillSDK/PayMillSDK.framework</string>
			<key>sourceTree</key>
			<string>&lt;group&gt;</string>
		</dict>
		<key>221AFC3A189560FA00BD41A3</key>
		<dict>
			<key>fileRef</key>
			<string>221AFC39189560FA00BD41A3</string>
			<key>isa</key>
			<string>PBXBuildFile</string>
		</dict>
		<key>221AFC3B1895613700BD41A3</key>
		<dict>
			<key>isa</key>
			<string>PBXFileReference</string>
			<key>lastKnownFileType</key>
			<string>wrapper.plug-in</string>
			<key>name</key>
			<string>PayMillSDK.bundle</string>
			<key>path</key>
			<string>Pods/PayMillSDK/samples/vouchermill/PayMillSDK/PayMillSDK.bundle</string>
			<key>sourceTree</key>
			<string>&lt;group&gt;</string>
		</dict>
		<key>221AFC3C1895613700BD41A3</key>
		<dict>
			<key>fileRef</key>
			<string>221AFC3B1895613700BD41A3</string>
			<key>isa</key>
			<string>PBXBuildFile</string>
		</dict>
		<key>225604A31874866200F0B637</key>
		<dict>
			<key>fileEncoding</key>
			<string>4</string>
			<key>isa</key>
			<string>PBXFileReference</string>
			<key>lastKnownFileType</key>
			<string>file.storyboard</string>
			<key>path</key>
			<string>MainStoryBoard.storyboard</string>
			<key>sourceTree</key>
			<string>&lt;group&gt;</string>
		</dict>
		<key>225604A41874866200F0B637</key>
		<dict>
			<key>fileRef</key>
			<string>225604A31874866200F0B637</string>
			<key>isa</key>
			<string>PBXBuildFile</string>
		</dict>
		<key>225604A91876F82300F0B637</key>
		<dict>
			<key>isa</key>
			<string>PBXFileReference</string>
			<key>lastKnownFileType</key>
			<string>wrapper.framework</string>
			<key>name</key>
			<string>AudioToolbox.framework</string>
			<key>path</key>
			<string>System/Library/Frameworks/AudioToolbox.framework</string>
			<key>sourceTree</key>
			<string>SDKROOT</string>
		</dict>
		<key>225604AA1876F82300F0B637</key>
		<dict>
			<key>fileRef</key>
			<string>225604A91876F82300F0B637</string>
			<key>isa</key>
			<string>PBXBuildFile</string>
		</dict>
		<key>225604AB1876F82B00F0B637</key>
		<dict>
			<key>isa</key>
			<string>PBXFileReference</string>
			<key>lastKnownFileType</key>
			<string>wrapper.framework</string>
			<key>name</key>
			<string>CFNetwork.framework</string>
			<key>path</key>
			<string>System/Library/Frameworks/CFNetwork.framework</string>
			<key>sourceTree</key>
			<string>SDKROOT</string>
		</dict>
		<key>225604AC1876F82B00F0B637</key>
		<dict>
			<key>fileRef</key>
			<string>225604AB1876F82B00F0B637</string>
			<key>isa</key>
			<string>PBXBuildFile</string>
		</dict>
		<key>225604AD1876F84000F0B637</key>
		<dict>
			<key>isa</key>
			<string>PBXFileReference</string>
			<key>lastKnownFileType</key>
			<string>wrapper.framework</string>
			<key>name</key>
			<string>CoreLocation.framework</string>
			<key>path</key>
			<string>System/Library/Frameworks/CoreLocation.framework</string>
			<key>sourceTree</key>
			<string>SDKROOT</string>
		</dict>
		<key>225604AE1876F84000F0B637</key>
		<dict>
			<key>fileRef</key>
			<string>225604AD1876F84000F0B637</string>
			<key>isa</key>
			<string>PBXBuildFile</string>
		</dict>
		<key>225604AF1876F84D00F0B637</key>
		<dict>
			<key>isa</key>
			<string>PBXFileReference</string>
			<key>lastKnownFileType</key>
			<string>compiled.mach-o.dylib</string>
			<key>name</key>
			<string>libz.1.1.3.dylib</string>
			<key>path</key>
			<string>usr/lib/libz.1.1.3.dylib</string>
			<key>sourceTree</key>
			<string>SDKROOT</string>
		</dict>
		<key>225604B01876F84D00F0B637</key>
		<dict>
			<key>fileRef</key>
			<string>225604AF1876F84D00F0B637</string>
			<key>isa</key>
			<string>PBXBuildFile</string>
		</dict>
		<key>225604B11876F85400F0B637</key>
		<dict>
			<key>isa</key>
			<string>PBXFileReference</string>
			<key>lastKnownFileType</key>
			<string>wrapper.framework</string>
			<key>name</key>
			<string>MobileCoreServices.framework</string>
			<key>path</key>
			<string>System/Library/Frameworks/MobileCoreServices.framework</string>
			<key>sourceTree</key>
			<string>SDKROOT</string>
		</dict>
		<key>225604B21876F85400F0B637</key>
		<dict>
			<key>fileRef</key>
			<string>225604B11876F85400F0B637</string>
			<key>isa</key>
			<string>PBXBuildFile</string>
		</dict>
		<key>225604B31876F86500F0B637</key>
		<dict>
			<key>isa</key>
			<string>PBXFileReference</string>
			<key>lastKnownFileType</key>
			<string>wrapper.framework</string>
			<key>name</key>
			<string>QuartzCore.framework</string>
			<key>path</key>
			<string>System/Library/Frameworks/QuartzCore.framework</string>
			<key>sourceTree</key>
			<string>SDKROOT</string>
		</dict>
		<key>225604B41876F86500F0B637</key>
		<dict>
			<key>fileRef</key>
			<string>225604B31876F86500F0B637</string>
			<key>isa</key>
			<string>PBXBuildFile</string>
		</dict>
		<key>225604B51876F86C00F0B637</key>
		<dict>
			<key>isa</key>
			<string>PBXFileReference</string>
			<key>lastKnownFileType</key>
			<string>wrapper.framework</string>
			<key>name</key>
			<string>Security.framework</string>
			<key>path</key>
			<string>System/Library/Frameworks/Security.framework</string>
			<key>sourceTree</key>
			<string>SDKROOT</string>
		</dict>
		<key>225604B61876F86C00F0B637</key>
		<dict>
			<key>fileRef</key>
			<string>225604B51876F86C00F0B637</string>
			<key>isa</key>
			<string>PBXBuildFile</string>
		</dict>
		<key>225604B71876F87300F0B637</key>
		<dict>
			<key>isa</key>
			<string>PBXFileReference</string>
			<key>lastKnownFileType</key>
			<string>wrapper.framework</string>
			<key>name</key>
			<string>StoreKit.framework</string>
			<key>path</key>
			<string>System/Library/Frameworks/StoreKit.framework</string>
			<key>sourceTree</key>
			<string>SDKROOT</string>
		</dict>
		<key>225604B81876F87300F0B637</key>
		<dict>
			<key>fileRef</key>
			<string>225604B71876F87300F0B637</string>
			<key>isa</key>
			<string>PBXBuildFile</string>
		</dict>
		<key>225604B91876F87900F0B637</key>
		<dict>
			<key>isa</key>
			<string>PBXFileReference</string>
			<key>lastKnownFileType</key>
			<string>wrapper.framework</string>
			<key>name</key>
			<string>SystemConfiguration.framework</string>
			<key>path</key>
			<string>System/Library/Frameworks/SystemConfiguration.framework</string>
			<key>sourceTree</key>
			<string>SDKROOT</string>
		</dict>
		<key>225604BA1876F87900F0B637</key>
		<dict>
			<key>fileRef</key>
			<string>225604B91876F87900F0B637</string>
			<key>isa</key>
			<string>PBXBuildFile</string>
		</dict>
		<key>225604CD18848E8F00F0B637</key>
		<dict>
			<key>children</key>
			<array>
				<string>225604CE18848E8F00F0B637</string>
				<string>225604CF18848E8F00F0B637</string>
			</array>
			<key>isa</key>
			<string>PBXGroup</string>
			<key>path</key>
			<string>MBProgressHUD</string>
			<key>sourceTree</key>
			<string>&lt;group&gt;</string>
		</dict>
		<key>225604CE18848E8F00F0B637</key>
		<dict>
			<key>fileEncoding</key>
			<string>4</string>
			<key>isa</key>
			<string>PBXFileReference</string>
			<key>lastKnownFileType</key>
			<string>sourcecode.c.h</string>
			<key>path</key>
			<string>MBProgressHUD.h</string>
			<key>sourceTree</key>
			<string>&lt;group&gt;</string>
		</dict>
		<key>225604CF18848E8F00F0B637</key>
		<dict>
			<key>fileEncoding</key>
			<string>4</string>
			<key>isa</key>
			<string>PBXFileReference</string>
			<key>lastKnownFileType</key>
			<string>sourcecode.c.objc</string>
			<key>path</key>
			<string>MBProgressHUD.m</string>
			<key>sourceTree</key>
			<string>&lt;group&gt;</string>
		</dict>
		<key>225604D018848E8F00F0B637</key>
		<dict>
			<key>fileRef</key>
			<string>225604CF18848E8F00F0B637</string>
			<key>isa</key>
			<string>PBXBuildFile</string>
		</dict>
		<key>225604D218848E9B00F0B637</key>
		<dict>
			<key>children</key>
			<array>
				<string>225604D318848E9B00F0B637</string>
				<string>225604D418848E9B00F0B637</string>
				<string>225604D718848E9B00F0B637</string>
				<string>225604D818848E9B00F0B637</string>
			</array>
			<key>isa</key>
			<string>PBXGroup</string>
			<key>path</key>
			<string>BusinessLogic</string>
			<key>sourceTree</key>
			<string>&lt;group&gt;</string>
		</dict>
		<key>225604D318848E9B00F0B637</key>
		<dict>
			<key>fileEncoding</key>
			<string>4</string>
			<key>isa</key>
			<string>PBXFileReference</string>
			<key>lastKnownFileType</key>
			<string>sourcecode.c.h</string>
			<key>path</key>
			<string>Product.h</string>
			<key>sourceTree</key>
			<string>&lt;group&gt;</string>
		</dict>
		<key>225604D418848E9B00F0B637</key>
		<dict>
			<key>fileEncoding</key>
			<string>4</string>
			<key>isa</key>
			<string>PBXFileReference</string>
			<key>lastKnownFileType</key>
			<string>sourcecode.c.objc</string>
			<key>path</key>
			<string>Product.m</string>
			<key>sourceTree</key>
			<string>&lt;group&gt;</string>
		</dict>
		<key>225604D718848E9B00F0B637</key>
		<dict>
			<key>fileEncoding</key>
			<string>4</string>
			<key>isa</key>
			<string>PBXFileReference</string>
			<key>lastKnownFileType</key>
			<string>sourcecode.c.h</string>
			<key>path</key>
			<string>StoreController.h</string>
			<key>sourceTree</key>
			<string>&lt;group&gt;</string>
		</dict>
		<key>225604D818848E9B00F0B637</key>
		<dict>
			<key>fileEncoding</key>
			<string>4</string>
			<key>isa</key>
			<string>PBXFileReference</string>
			<key>lastKnownFileType</key>
			<string>sourcecode.c.objc</string>
			<key>path</key>
			<string>StoreController.m</string>
			<key>sourceTree</key>
			<string>&lt;group&gt;</string>
		</dict>
		<key>225604D918848E9B00F0B637</key>
		<dict>
			<key>fileRef</key>
			<string>225604D418848E9B00F0B637</string>
			<key>isa</key>
			<string>PBXBuildFile</string>
		</dict>
		<key>225604DD18848E9B00F0B637</key>
		<dict>
			<key>fileRef</key>
			<string>225604D818848E9B00F0B637</string>
			<key>isa</key>
			<string>PBXBuildFile</string>
		</dict>
		<key>225604DF188493A800F0B637</key>
		<dict>
			<key>isa</key>
			<string>PBXFileReference</string>
			<key>lastKnownFileType</key>
			<string>image.png</string>
			<key>name</key>
			<string>Default-568h@2x.png</string>
			<key>path</key>
			<string>../../Default-568h@2x.png</string>
			<key>sourceTree</key>
			<string>&lt;group&gt;</string>
		</dict>
		<key>225604E0188493A800F0B637</key>
		<dict>
			<key>fileRef</key>
			<string>225604DF188493A800F0B637</string>
			<key>isa</key>
			<string>PBXBuildFile</string>
		</dict>
		<key>225604E11884A2EA00F0B637</key>
		<dict>
			<key>children</key>
			<array>
				<string>B2084056189180EA00A79D2C</string>
				<string>225604DF188493A800F0B637</string>
				<string>225604FE188DCF6600F0B637</string>
				<string>225604E21884A2EA00F0B637</string>
				<string>225604E31884A2EA00F0B637</string>
			</array>
			<key>isa</key>
			<string>PBXGroup</string>
			<key>name</key>
			<string>Resources</string>
			<key>path</key>
			<string>Honey on Sale/Resources</string>
			<key>sourceTree</key>
			<string>SOURCE_ROOT</string>
		</dict>
		<key>225604E21884A2EA00F0B637</key>
		<dict>
			<key>isa</key>
			<string>PBXFileReference</string>
			<key>lastKnownFileType</key>
			<string>image.png</string>
			<key>path</key>
			<string>product.png</string>
			<key>sourceTree</key>
			<string>&lt;group&gt;</string>
		</dict>
		<key>225604E31884A2EA00F0B637</key>
		<dict>
			<key>isa</key>
			<string>PBXFileReference</string>
			<key>lastKnownFileType</key>
			<string>image.png</string>
			<key>path</key>
			<string>product@2x.png</string>
			<key>sourceTree</key>
			<string>&lt;group&gt;</string>
		</dict>
		<key>225604E41884A2EA00F0B637</key>
		<dict>
			<key>fileRef</key>
			<string>225604E21884A2EA00F0B637</string>
			<key>isa</key>
			<string>PBXBuildFile</string>
		</dict>
		<key>225604E61884A2EA00F0B637</key>
		<dict>
			<key>fileRef</key>
			<string>225604E31884A2EA00F0B637</string>
			<key>isa</key>
			<string>PBXBuildFile</string>
		</dict>
		<key>225604E8188DC6FD00F0B637</key>
		<dict>
			<key>children</key>
			<array>
				<string>229C18A018903D3800B8DBD0</string>
				<string>229C189F18903D2300B8DBD0</string>
				<string>22966AF61891C0F800481EE1</string>
				<string>225604EB188DC6FD00F0B637</string>
				<string>225604EC188DC6FD00F0B637</string>
				<string>229C189C18903D1400B8DBD0</string>
				<string>229C189D18903D1400B8DBD0</string>
			</array>
			<key>isa</key>
			<string>PBXGroup</string>
			<key>name</key>
			<string>Screens</string>
			<key>path</key>
			<string>Honey on Sale/Screens</string>
			<key>sourceTree</key>
			<string>SOURCE_ROOT</string>
		</dict>
		<key>225604EB188DC6FD00F0B637</key>
		<dict>
			<key>fileEncoding</key>
			<string>4</string>
			<key>isa</key>
			<string>PBXFileReference</string>
			<key>lastKnownFileType</key>
			<string>sourcecode.c.h</string>
			<key>path</key>
			<string>ProductDetailsViewController.h</string>
			<key>sourceTree</key>
			<string>&lt;group&gt;</string>
		</dict>
		<key>225604EC188DC6FD00F0B637</key>
		<dict>
			<key>fileEncoding</key>
			<string>4</string>
			<key>isa</key>
			<string>PBXFileReference</string>
			<key>lastKnownFileType</key>
			<string>sourcecode.c.objc</string>
			<key>path</key>
			<string>ProductDetailsViewController.m</string>
			<key>sourceTree</key>
			<string>&lt;group&gt;</string>
		</dict>
		<key>225604ED188DC6FD00F0B637</key>
		<dict>
			<key>fileEncoding</key>
			<string>4</string>
			<key>isa</key>
			<string>PBXFileReference</string>
			<key>lastKnownFileType</key>
			<string>sourcecode.c.h</string>
			<key>path</key>
			<string>ProductTableViewCell.h</string>
			<key>sourceTree</key>
			<string>&lt;group&gt;</string>
		</dict>
		<key>225604EE188DC6FD00F0B637</key>
		<dict>
			<key>fileEncoding</key>
			<string>4</string>
			<key>isa</key>
			<string>PBXFileReference</string>
			<key>lastKnownFileType</key>
			<string>sourcecode.c.objc</string>
			<key>path</key>
			<string>ProductTableViewCell.m</string>
			<key>sourceTree</key>
			<string>&lt;group&gt;</string>
		</dict>
		<key>225604EF188DC6FD00F0B637</key>
		<dict>
			<key>fileEncoding</key>
			<string>4</string>
			<key>isa</key>
			<string>PBXFileReference</string>
			<key>lastKnownFileType</key>
			<string>sourcecode.c.h</string>
			<key>path</key>
			<string>StoreViewController.h</string>
			<key>sourceTree</key>
			<string>&lt;group&gt;</string>
		</dict>
		<key>225604F0188DC6FD00F0B637</key>
		<dict>
			<key>fileEncoding</key>
			<string>4</string>
			<key>isa</key>
			<string>PBXFileReference</string>
			<key>lastKnownFileType</key>
			<string>sourcecode.c.objc</string>
			<key>path</key>
			<string>StoreViewController.m</string>
			<key>sourceTree</key>
			<string>&lt;group&gt;</string>
		</dict>
		<key>225604F3188DC6FD00F0B637</key>
		<dict>
			<key>fileRef</key>
			<string>225604EC188DC6FD00F0B637</string>
			<key>isa</key>
			<string>PBXBuildFile</string>
		</dict>
		<key>225604F5188DC6FD00F0B637</key>
		<dict>
			<key>fileRef</key>
			<string>225604EE188DC6FD00F0B637</string>
			<key>isa</key>
			<string>PBXBuildFile</string>
		</dict>
		<key>225604F7188DC6FD00F0B637</key>
		<dict>
			<key>fileRef</key>
			<string>225604F0188DC6FD00F0B637</string>
			<key>isa</key>
			<string>PBXBuildFile</string>
		</dict>
		<key>225604FA188DCBC900F0B637</key>
		<dict>
			<key>fileEncoding</key>
			<string>4</string>
			<key>isa</key>
			<string>PBXFileReference</string>
			<key>lastKnownFileType</key>
			<string>sourcecode.c.h</string>
			<key>path</key>
			<string>DefaultViewController.h</string>
			<key>sourceTree</key>
			<string>&lt;group&gt;</string>
		</dict>
		<key>225604FB188DCBC900F0B637</key>
		<dict>
			<key>fileEncoding</key>
			<string>4</string>
			<key>isa</key>
			<string>PBXFileReference</string>
			<key>lastKnownFileType</key>
			<string>sourcecode.c.objc</string>
			<key>path</key>
			<string>DefaultViewController.m</string>
			<key>sourceTree</key>
			<string>&lt;group&gt;</string>
		</dict>
		<key>225604FC188DCBC900F0B637</key>
		<dict>
			<key>fileRef</key>
			<string>225604FB188DCBC900F0B637</string>
			<key>isa</key>
			<string>PBXBuildFile</string>
		</dict>
		<key>225604FE188DCF6600F0B637</key>
		<dict>
			<key>isa</key>
			<string>PBXFileReference</string>
			<key>lastKnownFileType</key>
			<string>image.jpeg</string>
			<key>path</key>
			<string>honey-for-sale-sign.jpg</string>
			<key>sourceTree</key>
			<string>&lt;group&gt;</string>
		</dict>
		<key>225604FF188DCF6600F0B637</key>
		<dict>
			<key>fileRef</key>
			<string>225604FE188DCF6600F0B637</string>
			<key>isa</key>
			<string>PBXBuildFile</string>
		</dict>
		<key>22560501188DD5D700F0B637</key>
		<dict>
			<key>isa</key>
			<string>PBXFileReference</string>
			<key>lastKnownFileType</key>
			<string>wrapper.framework</string>
			<key>name</key>
			<string>CoreData.framework</string>
			<key>path</key>
			<string>System/Library/Frameworks/CoreData.framework</string>
			<key>sourceTree</key>
			<string>SDKROOT</string>
		</dict>
		<key>22560502188DD5D700F0B637</key>
		<dict>
			<key>fileRef</key>
			<string>22560501188DD5D700F0B637</string>
			<key>isa</key>
			<string>PBXBuildFile</string>
		</dict>
		<key>22560505188DDB4E00F0B637</key>
		<dict>
			<key>children</key>
			<array>
				<string>22560506188DDB4F00F0B637</string>
				<string>22560507188DDB4F00F0B637</string>
			</array>
			<key>isa</key>
			<string>PBXGroup</string>
			<key>path</key>
			<string>MLPAccessoryBadge</string>
			<key>sourceTree</key>
			<string>&lt;group&gt;</string>
		</dict>
		<key>22560506188DDB4F00F0B637</key>
		<dict>
			<key>fileEncoding</key>
			<string>4</string>
			<key>isa</key>
			<string>PBXFileReference</string>
			<key>lastKnownFileType</key>
			<string>sourcecode.c.h</string>
			<key>path</key>
			<string>MLPAccessoryBadge.h</string>
			<key>sourceTree</key>
			<string>&lt;group&gt;</string>
		</dict>
		<key>22560507188DDB4F00F0B637</key>
		<dict>
			<key>fileEncoding</key>
			<string>4</string>
			<key>isa</key>
			<string>PBXFileReference</string>
			<key>lastKnownFileType</key>
			<string>sourcecode.c.objc</string>
			<key>path</key>
			<string>MLPAccessoryBadge.m</string>
			<key>sourceTree</key>
			<string>&lt;group&gt;</string>
		</dict>
		<key>22560508188DDB4F00F0B637</key>
		<dict>
			<key>fileRef</key>
			<string>22560507188DDB4F00F0B637</string>
			<key>isa</key>
			<string>PBXBuildFile</string>
		</dict>
		<key>22966AF61891C0F800481EE1</key>
		<dict>
			<key>children</key>
			<array>
				<string>22966AF71891C0F800481EE1</string>
				<string>22966AF81891C0F800481EE1</string>
			</array>
			<key>isa</key>
			<string>PBXGroup</string>
			<key>path</key>
			<string>Payment</string>
			<key>sourceTree</key>
			<string>&lt;group&gt;</string>
		</dict>
		<key>22966AF71891C0F800481EE1</key>
		<dict>
			<key>fileEncoding</key>
			<string>4</string>
			<key>isa</key>
			<string>PBXFileReference</string>
			<key>lastKnownFileType</key>
			<string>sourcecode.c.h</string>
			<key>path</key>
			<string>PaymentViewController.h</string>
			<key>sourceTree</key>
			<string>&lt;group&gt;</string>
		</dict>
		<key>22966AF81891C0F800481EE1</key>
		<dict>
			<key>fileEncoding</key>
			<string>4</string>
			<key>isa</key>
			<string>PBXFileReference</string>
			<key>lastKnownFileType</key>
			<string>sourcecode.c.objc</string>
			<key>path</key>
			<string>PaymentViewController.m</string>
			<key>sourceTree</key>
			<string>&lt;group&gt;</string>
		</dict>
		<key>22966AF91891C0F800481EE1</key>
		<dict>
			<key>fileRef</key>
			<string>22966AF81891C0F800481EE1</string>
			<key>isa</key>
			<string>PBXBuildFile</string>
		</dict>
		<key>22966AFB1891C2BB00481EE1</key>
		<dict>
			<key>fileRef</key>
			<string>B2084056189180EA00A79D2C</string>
			<key>isa</key>
			<string>PBXBuildFile</string>
		</dict>
		<key>229C189C18903D1400B8DBD0</key>
		<dict>
			<key>fileEncoding</key>
			<string>4</string>
			<key>isa</key>
			<string>PBXFileReference</string>
			<key>lastKnownFileType</key>
			<string>sourcecode.c.h</string>
			<key>path</key>
			<string>CheckoutViewController.h</string>
			<key>sourceTree</key>
			<string>&lt;group&gt;</string>
		</dict>
		<key>229C189D18903D1400B8DBD0</key>
		<dict>
			<key>fileEncoding</key>
			<string>4</string>
			<key>isa</key>
			<string>PBXFileReference</string>
			<key>lastKnownFileType</key>
			<string>sourcecode.c.objc</string>
			<key>path</key>
			<string>CheckoutViewController.m</string>
			<key>sourceTree</key>
			<string>&lt;group&gt;</string>
		</dict>
		<key>229C189E18903D1400B8DBD0</key>
		<dict>
			<key>fileRef</key>
			<string>229C189D18903D1400B8DBD0</string>
			<key>isa</key>
			<string>PBXBuildFile</string>
		</dict>
		<key>229C189F18903D2300B8DBD0</key>
		<dict>
			<key>children</key>
			<array>
				<string>225604FA188DCBC900F0B637</string>
				<string>225604FB188DCBC900F0B637</string>
			</array>
			<key>isa</key>
			<string>PBXGroup</string>
			<key>name</key>
			<string>DefaultView</string>
			<key>sourceTree</key>
			<string>&lt;group&gt;</string>
		</dict>
		<key>229C18A018903D3800B8DBD0</key>
		<dict>
			<key>children</key>
			<array>
				<string>225604ED188DC6FD00F0B637</string>
				<string>225604EE188DC6FD00F0B637</string>
				<string>225604EF188DC6FD00F0B637</string>
				<string>225604F0188DC6FD00F0B637</string>
			</array>
			<key>isa</key>
			<string>PBXGroup</string>
			<key>name</key>
			<string>Store</string>
			<key>sourceTree</key>
			<string>&lt;group&gt;</string>
		</dict>
		<key>5295864E4E06434BB745B888</key>
		<dict>
			<key>explicitFileType</key>
			<string>archive.ar</string>
			<key>includeInIndex</key>
			<string>0</string>
			<key>isa</key>
			<string>PBXFileReference</string>
			<key>path</key>
			<string>libPods.a</string>
			<key>sourceTree</key>
			<string>BUILT_PRODUCTS_DIR</string>
		</dict>
		<key>6470A34563354487BEB10D5F</key>
		<dict>
			<key>buildActionMask</key>
			<string>2147483647</string>
			<key>files</key>
			<array/>
			<key>inputPaths</key>
			<array/>
			<key>isa</key>
			<string>PBXShellScriptBuildPhase</string>
			<key>name</key>
			<string>Check Pods Manifest.lock</string>
			<key>outputPaths</key>
			<array/>
			<key>runOnlyForDeploymentPostprocessing</key>
			<string>0</string>
			<key>shellPath</key>
			<string>/bin/sh</string>
			<key>shellScript</key>
			<string>diff "${PODS_ROOT}/../Podfile.lock" "${PODS_ROOT}/Manifest.lock" &gt; /dev/null
if [[ $? != 0 ]] ; then
    cat &lt;&lt; EOM
error: The sandbox is not in sync with the Podfile.lock. Run 'pod install' or update your CocoaPods installation.
EOM
    exit 1
fi
</string>
			<key>showEnvVarsInLog</key>
			<string>0</string>
		</dict>
		<key>916B366D2B764B89B762685B</key>
		<dict>
			<key>buildActionMask</key>
			<string>2147483647</string>
			<key>files</key>
			<array/>
			<key>inputPaths</key>
			<array/>
			<key>isa</key>
			<string>PBXShellScriptBuildPhase</string>
			<key>name</key>
			<string>Copy Pods Resources</string>
			<key>outputPaths</key>
			<array/>
			<key>runOnlyForDeploymentPostprocessing</key>
			<string>0</string>
			<key>shellPath</key>
			<string>/bin/sh</string>
			<key>shellScript</key>
			<string>"${SRCROOT}/Pods/Pods-resources.sh"
</string>
			<key>showEnvVarsInLog</key>
			<string>0</string>
		</dict>
		<key>B2084040189178F500A79D2C</key>
		<dict>
			<key>isa</key>
			<string>PBXFileReference</string>
			<key>lastKnownFileType</key>
			<string>image.png</string>
			<key>path</key>
			<string>Default-568h@2x.png</string>
			<key>sourceTree</key>
			<string>&lt;group&gt;</string>
		</dict>
		<key>B2084041189178F500A79D2C</key>
		<dict>
			<key>fileRef</key>
			<string>B2084040189178F500A79D2C</string>
			<key>isa</key>
			<string>PBXBuildFile</string>
		</dict>
		<key>B208404D18917B8E00A79D2C</key>
		<dict>
			<key>isa</key>
			<string>PBXFileReference</string>
			<key>lastKnownFileType</key>
			<string>wrapper.framework</string>
			<key>name</key>
			<string>AVFoundation.framework</string>
			<key>path</key>
			<string>System/Library/Frameworks/AVFoundation.framework</string>
			<key>sourceTree</key>
			<string>SDKROOT</string>
		</dict>
		<key>B208404E18917B8E00A79D2C</key>
		<dict>
			<key>fileRef</key>
			<string>B208404D18917B8E00A79D2C</string>
			<key>isa</key>
			<string>PBXBuildFile</string>
		</dict>
		<key>B208404F18917BC700A79D2C</key>
		<dict>
			<key>isa</key>
			<string>PBXFileReference</string>
			<key>lastKnownFileType</key>
			<string>wrapper.framework</string>
			<key>name</key>
			<string>OpenGLES.framework</string>
			<key>path</key>
			<string>System/Library/Frameworks/OpenGLES.framework</string>
			<key>sourceTree</key>
			<string>SDKROOT</string>
		</dict>
		<key>B208405018917BC700A79D2C</key>
		<dict>
			<key>fileRef</key>
			<string>B208404F18917BC700A79D2C</string>
			<key>isa</key>
			<string>PBXBuildFile</string>
		</dict>
		<key>B208405118917E0A00A79D2C</key>
		<dict>
			<key>isa</key>
			<string>PBXFileReference</string>
			<key>lastKnownFileType</key>
			<string>wrapper.framework</string>
			<key>name</key>
			<string>CoreVideo.framework</string>
			<key>path</key>
			<string>System/Library/Frameworks/CoreVideo.framework</string>
			<key>sourceTree</key>
			<string>SDKROOT</string>
		</dict>
		<key>B208405218917E0A00A79D2C</key>
		<dict>
			<key>fileRef</key>
			<string>B208405118917E0A00A79D2C</string>
			<key>isa</key>
			<string>PBXBuildFile</string>
		</dict>
		<key>B208405318917E3300A79D2C</key>
		<dict>
			<key>isa</key>
			<string>PBXFileReference</string>
			<key>lastKnownFileType</key>
			<string>wrapper.framework</string>
			<key>name</key>
			<string>CoreMedia.framework</string>
			<key>path</key>
			<string>System/Library/Frameworks/CoreMedia.framework</string>
			<key>sourceTree</key>
			<string>SDKROOT</string>
		</dict>
		<key>B208405418917E3300A79D2C</key>
		<dict>
			<key>fileRef</key>
			<string>B208405318917E3300A79D2C</string>
			<key>isa</key>
			<string>PBXBuildFile</string>
		</dict>
		<key>B2084056189180EA00A79D2C</key>
		<dict>
			<key>isa</key>
			<string>PBXFileReference</string>
			<key>lastKnownFileType</key>
			<string>image.png</string>
			<key>name</key>
			<string>bee_icon.png</string>
			<key>path</key>
			<string>../../bee_icon.png</string>
			<key>sourceTree</key>
			<string>&lt;group&gt;</string>
		</dict>
		<key>B2784A361860A4FB0057F064</key>
		<dict>
			<key>children</key>
			<array>
				<string>221AFC3B1895613700BD41A3</string>
				<string>221AFC2B1895603F00BD41A3</string>
				<string>B2784A481860A4FB0057F064</string>
				<string>B2784A491860A4FC0057F064</string>
				<string>B2084040189178F500A79D2C</string>
				<string>B2784A411860A4FB0057F064</string>
				<string>B2784A401860A4FB0057F064</string>
				<string>FCBB139175294EAFAAB57DDA</string>
			</array>
			<key>isa</key>
			<string>PBXGroup</string>
			<key>sourceTree</key>
			<string>&lt;group&gt;</string>
		</dict>
		<key>B2784A371860A4FB0057F064</key>
		<dict>
			<key>attributes</key>
			<dict>
				<key>LastUpgradeCheck</key>
				<string>0500</string>
				<key>ORGANIZATIONNAME</key>
				<string>Vladimir Marinov</string>
				<key>TargetAttributes</key>
				<dict>
					<key>B2784A651860A4FC0057F064</key>
					<dict>
						<key>TestTargetID</key>
						<string>B2784A3E1860A4FB0057F064</string>
					</dict>
				</dict>
			</dict>
			<key>buildConfigurationList</key>
			<string>B2784A3A1860A4FB0057F064</string>
			<key>compatibilityVersion</key>
			<string>Xcode 3.2</string>
			<key>developmentRegion</key>
			<string>English</string>
			<key>hasScannedForEncodings</key>
			<string>0</string>
			<key>isa</key>
			<string>PBXProject</string>
			<key>knownRegions</key>
			<array>
				<string>en</string>
				<string>Base</string>
			</array>
			<key>mainGroup</key>
			<string>B2784A361860A4FB0057F064</string>
			<key>productRefGroup</key>
			<string>B2784A401860A4FB0057F064</string>
			<key>projectDirPath</key>
			<string></string>
			<key>projectReferences</key>
			<array/>
			<key>projectRoot</key>
			<string></string>
			<key>targets</key>
			<array>
				<string>B2784A3E1860A4FB0057F064</string>
			</array>
		</dict>
		<key>B2784A3A1860A4FB0057F064</key>
		<dict>
			<key>buildConfigurations</key>
			<array>
				<string>B2784A751860A4FC0057F064</string>
				<string>B2784A761860A4FC0057F064</string>
			</array>
			<key>defaultConfigurationIsVisible</key>
			<string>0</string>
			<key>defaultConfigurationName</key>
			<string>Release</string>
			<key>isa</key>
			<string>XCConfigurationList</string>
		</dict>
		<key>B2784A3B1860A4FB0057F064</key>
		<dict>
			<key>buildActionMask</key>
			<string>2147483647</string>
			<key>files</key>
			<array>
				<string>B2784A531860A4FC0057F064</string>
				<string>B2784A4F1860A4FC0057F064</string>
				<string>225604D018848E8F00F0B637</string>
				<string>225604D918848E9B00F0B637</string>
				<string>225604DD18848E9B00F0B637</string>
				<string>225604F3188DC6FD00F0B637</string>
				<string>225604F5188DC6FD00F0B637</string>
				<string>225604F7188DC6FD00F0B637</string>
				<string>225604FC188DCBC900F0B637</string>
				<string>22560508188DDB4F00F0B637</string>
				<string>229C189E18903D1400B8DBD0</string>
				<string>22966AF91891C0F800481EE1</string>
			</array>
			<key>isa</key>
			<string>PBXSourcesBuildPhase</string>
			<key>runOnlyForDeploymentPostprocessing</key>
			<string>0</string>
		</dict>
		<key>B2784A3C1860A4FB0057F064</key>
		<dict>
			<key>buildActionMask</key>
			<string>2147483647</string>
			<key>files</key>
			<array>
				<string>221AFC3C1895613700BD41A3</string>
				<string>221AFC3A189560FA00BD41A3</string>
				<string>221AFC38189560C700BD41A3</string>
				<string>221AFC2F189560AB00BD41A3</string>
				<string>B208405418917E3300A79D2C</string>
				<string>B208405218917E0A00A79D2C</string>
				<string>225604B41876F86500F0B637</string>
				<string>B208405018917BC700A79D2C</string>
				<string>B208404E18917B8E00A79D2C</string>
				<string>22560502188DD5D700F0B637</string>
				<string>225604BA1876F87900F0B637</string>
				<string>225604B81876F87300F0B637</string>
				<string>225604B61876F86C00F0B637</string>
				<string>225604B21876F85400F0B637</string>
				<string>225604B01876F84D00F0B637</string>
				<string>225604AE1876F84000F0B637</string>
				<string>B2784A451860A4FB0057F064</string>
				<string>225604AC1876F82B00F0B637</string>
				<string>225604AA1876F82300F0B637</string>
				<string>B2784A9A18842C890057F064</string>
				<string>B2784A9818842C590057F064</string>
				<string>B2784A471860A4FB0057F064</string>
				<string>B2784A431860A4FB0057F064</string>
				<string>F9A69967579C4C50A52A8210</string>
			</array>
			<key>isa</key>
			<string>PBXFrameworksBuildPhase</string>
			<key>runOnlyForDeploymentPostprocessing</key>
			<string>0</string>
		</dict>
		<key>B2784A3D1860A4FB0057F064</key>
		<dict>
			<key>buildActionMask</key>
			<string>2147483647</string>
			<key>files</key>
			<array>
				<string>B2784A4D1860A4FC0057F064</string>
				<string>225604A41874866200F0B637</string>
				<string>225604E0188493A800F0B637</string>
				<string>225604E41884A2EA00F0B637</string>
				<string>B2084041189178F500A79D2C</string>
				<string>225604E61884A2EA00F0B637</string>
				<string>225604FF188DCF6600F0B637</string>
				<string>22966AFB1891C2BB00481EE1</string>
			</array>
			<key>isa</key>
			<string>PBXResourcesBuildPhase</string>
			<key>runOnlyForDeploymentPostprocessing</key>
			<string>0</string>
		</dict>
		<key>B2784A3E1860A4FB0057F064</key>
		<dict>
			<key>buildConfigurationList</key>
			<string>B2784A771860A4FC0057F064</string>
			<key>buildPhases</key>
			<array>
				<string>6470A34563354487BEB10D5F</string>
				<string>B2784A3B1860A4FB0057F064</string>
				<string>B2784A3C1860A4FB0057F064</string>
				<string>B2784A3D1860A4FB0057F064</string>
				<string>916B366D2B764B89B762685B</string>
			</array>
			<key>buildRules</key>
			<array/>
			<key>dependencies</key>
			<array/>
			<key>isa</key>
			<string>PBXNativeTarget</string>
			<key>name</key>
			<string>Honey on Sale</string>
			<key>productName</key>
			<string>Honey on Sale</string>
			<key>productReference</key>
			<string>B2784A3F1860A4FB0057F064</string>
			<key>productType</key>
			<string>com.apple.product-type.application</string>
		</dict>
		<key>B2784A3F1860A4FB0057F064</key>
		<dict>
			<key>explicitFileType</key>
			<string>wrapper.application</string>
			<key>includeInIndex</key>
			<string>0</string>
			<key>isa</key>
			<string>PBXFileReference</string>
			<key>path</key>
			<string>Honey on Sale.app</string>
			<key>sourceTree</key>
			<string>BUILT_PRODUCTS_DIR</string>
		</dict>
		<key>B2784A401860A4FB0057F064</key>
		<dict>
			<key>children</key>
			<array>
				<string>B2784A3F1860A4FB0057F064</string>
			</array>
			<key>isa</key>
			<string>PBXGroup</string>
			<key>name</key>
			<string>Products</string>
			<key>sourceTree</key>
			<string>&lt;group&gt;</string>
		</dict>
		<key>B2784A411860A4FB0057F064</key>
		<dict>
			<key>children</key>
			<array>
				<string>221AFC39189560FA00BD41A3</string>
				<string>221AFC30189560BA00BD41A3</string>
				<string>221AFC2E189560AB00BD41A3</string>
				<string>B208405318917E3300A79D2C</string>
				<string>B208405118917E0A00A79D2C</string>
				<string>B208404F18917BC700A79D2C</string>
				<string>B208404D18917B8E00A79D2C</string>
				<string>22560501188DD5D700F0B637</string>
				<string>225604B91876F87900F0B637</string>
				<string>225604B71876F87300F0B637</string>
				<string>225604B51876F86C00F0B637</string>
				<string>225604B31876F86500F0B637</string>
				<string>225604B11876F85400F0B637</string>
				<string>225604AF1876F84D00F0B637</string>
				<string>225604AD1876F84000F0B637</string>
				<string>225604AB1876F82B00F0B637</string>
				<string>225604A91876F82300F0B637</string>
				<string>B2784A9B18842CC20057F064</string>
				<string>B2784A9918842C880057F064</string>
				<string>B2784A9718842C590057F064</string>
				<string>B2784A421860A4FB0057F064</string>
				<string>B2784A441860A4FB0057F064</string>
				<string>B2784A461860A4FB0057F064</string>
				<string>B2784A671860A4FC0057F064</string>
				<string>5295864E4E06434BB745B888</string>
			</array>
			<key>isa</key>
			<string>PBXGroup</string>
			<key>name</key>
			<string>Frameworks</string>
			<key>sourceTree</key>
			<string>&lt;group&gt;</string>
		</dict>
		<key>B2784A421860A4FB0057F064</key>
		<dict>
			<key>isa</key>
			<string>PBXFileReference</string>
			<key>lastKnownFileType</key>
			<string>wrapper.framework</string>
			<key>name</key>
			<string>Foundation.framework</string>
			<key>path</key>
			<string>System/Library/Frameworks/Foundation.framework</string>
			<key>sourceTree</key>
			<string>SDKROOT</string>
		</dict>
		<key>B2784A431860A4FB0057F064</key>
		<dict>
			<key>fileRef</key>
			<string>B2784A421860A4FB0057F064</string>
			<key>isa</key>
			<string>PBXBuildFile</string>
		</dict>
		<key>B2784A441860A4FB0057F064</key>
		<dict>
			<key>isa</key>
			<string>PBXFileReference</string>
			<key>lastKnownFileType</key>
			<string>wrapper.framework</string>
			<key>name</key>
			<string>CoreGraphics.framework</string>
			<key>path</key>
			<string>System/Library/Frameworks/CoreGraphics.framework</string>
			<key>sourceTree</key>
			<string>SDKROOT</string>
		</dict>
		<key>B2784A451860A4FB0057F064</key>
		<dict>
			<key>fileRef</key>
			<string>B2784A441860A4FB0057F064</string>
			<key>isa</key>
			<string>PBXBuildFile</string>
		</dict>
		<key>B2784A461860A4FB0057F064</key>
		<dict>
			<key>isa</key>
			<string>PBXFileReference</string>
			<key>lastKnownFileType</key>
			<string>wrapper.framework</string>
			<key>name</key>
			<string>UIKit.framework</string>
			<key>path</key>
			<string>System/Library/Frameworks/UIKit.framework</string>
			<key>sourceTree</key>
			<string>SDKROOT</string>
		</dict>
		<key>B2784A471860A4FB0057F064</key>
		<dict>
			<key>fileRef</key>
			<string>B2784A461860A4FB0057F064</string>
			<key>isa</key>
			<string>PBXBuildFile</string>
		</dict>
		<key>B2784A481860A4FB0057F064</key>
		<dict>
			<key>children</key>
			<array>
				<string>225604D218848E9B00F0B637</string>
				<string>225604CD18848E8F00F0B637</string>
				<string>22560505188DDB4E00F0B637</string>
				<string>225604E8188DC6FD00F0B637</string>
				<string>225604E11884A2EA00F0B637</string>
			</array>
			<key>isa</key>
			<string>PBXGroup</string>
			<key>path</key>
			<string>Honey on Sale</string>
			<key>sourceTree</key>
			<string>&lt;group&gt;</string>
		</dict>
		<key>B2784A491860A4FC0057F064</key>
		<dict>
			<key>children</key>
			<array>
				<string>B2784A511860A4FC0057F064</string>
				<string>B2784A521860A4FC0057F064</string>
				<string>B2784A4A1860A4FC0057F064</string>
				<string>B2784A4B1860A4FC0057F064</string>
				<string>B2784A4E1860A4FC0057F064</string>
				<string>B2784A501860A4FC0057F064</string>
				<string>225604A31874866200F0B637</string>
			</array>
			<key>isa</key>
			<string>PBXGroup</string>
			<key>name</key>
			<string>Supporting Files</string>
			<key>path</key>
			<string>Honey on Sale</string>
			<key>sourceTree</key>
			<string>&lt;group&gt;</string>
		</dict>
		<key>B2784A4A1860A4FC0057F064</key>
		<dict>
			<key>isa</key>
			<string>PBXFileReference</string>
			<key>lastKnownFileType</key>
			<string>text.plist.xml</string>
			<key>path</key>
			<string>Honey on Sale-Info.plist</string>
			<key>sourceTree</key>
			<string>&lt;group&gt;</string>
		</dict>
		<key>B2784A4B1860A4FC0057F064</key>
		<dict>
			<key>children</key>
			<array>
				<string>B2784A4C1860A4FC0057F064</string>
			</array>
			<key>isa</key>
			<string>PBXVariantGroup</string>
			<key>name</key>
			<string>InfoPlist.strings</string>
			<key>sourceTree</key>
			<string>&lt;group&gt;</string>
		</dict>
		<key>B2784A4C1860A4FC0057F064</key>
		<dict>
			<key>isa</key>
			<string>PBXFileReference</string>
			<key>lastKnownFileType</key>
			<string>text.plist.strings</string>
			<key>name</key>
			<string>en</string>
			<key>path</key>
			<string>en.lproj/InfoPlist.strings</string>
			<key>sourceTree</key>
			<string>&lt;group&gt;</string>
		</dict>
		<key>B2784A4D1860A4FC0057F064</key>
		<dict>
			<key>fileRef</key>
			<string>B2784A4B1860A4FC0057F064</string>
			<key>isa</key>
			<string>PBXBuildFile</string>
		</dict>
		<key>B2784A4E1860A4FC0057F064</key>
		<dict>
			<key>isa</key>
			<string>PBXFileReference</string>
			<key>lastKnownFileType</key>
			<string>sourcecode.c.objc</string>
			<key>path</key>
			<string>main.m</string>
			<key>sourceTree</key>
			<string>&lt;group&gt;</string>
		</dict>
		<key>B2784A4F1860A4FC0057F064</key>
		<dict>
			<key>fileRef</key>
			<string>B2784A4E1860A4FC0057F064</string>
			<key>isa</key>
			<string>PBXBuildFile</string>
		</dict>
		<key>B2784A501860A4FC0057F064</key>
		<dict>
			<key>isa</key>
			<string>PBXFileReference</string>
			<key>lastKnownFileType</key>
			<string>sourcecode.c.h</string>
			<key>path</key>
			<string>Honey on Sale-Prefix.pch</string>
			<key>sourceTree</key>
			<string>&lt;group&gt;</string>
		</dict>
		<key>B2784A511860A4FC0057F064</key>
		<dict>
			<key>isa</key>
			<string>PBXFileReference</string>
			<key>lastKnownFileType</key>
			<string>sourcecode.c.h</string>
			<key>path</key>
			<string>AppDelegate.h</string>
			<key>sourceTree</key>
			<string>&lt;group&gt;</string>
		</dict>
		<key>B2784A521860A4FC0057F064</key>
		<dict>
			<key>isa</key>
			<string>PBXFileReference</string>
			<key>lastKnownFileType</key>
			<string>sourcecode.c.objc</string>
			<key>path</key>
			<string>AppDelegate.m</string>
			<key>sourceTree</key>
			<string>&lt;group&gt;</string>
		</dict>
		<key>B2784A531860A4FC0057F064</key>
		<dict>
			<key>fileRef</key>
			<string>B2784A521860A4FC0057F064</string>
			<key>isa</key>
			<string>PBXBuildFile</string>
		</dict>
		<key>B2784A671860A4FC0057F064</key>
		<dict>
			<key>isa</key>
			<string>PBXFileReference</string>
			<key>lastKnownFileType</key>
			<string>wrapper.framework</string>
			<key>name</key>
			<string>XCTest.framework</string>
			<key>path</key>
			<string>Library/Frameworks/XCTest.framework</string>
			<key>sourceTree</key>
			<string>DEVELOPER_DIR</string>
		</dict>
		<key>B2784A751860A4FC0057F064</key>
		<dict>
			<key>buildSettings</key>
			<dict>
				<key>ALWAYS_SEARCH_USER_PATHS</key>
				<string>NO</string>
				<key>ARCHS</key>
				<string>$(ARCHS_STANDARD_INCLUDING_64_BIT)</string>
				<key>CLANG_CXX_LANGUAGE_STANDARD</key>
				<string>gnu++0x</string>
				<key>CLANG_CXX_LIBRARY</key>
				<string>libc++</string>
				<key>CLANG_ENABLE_MODULES</key>
				<string>YES</string>
				<key>CLANG_ENABLE_OBJC_ARC</key>
				<string>YES</string>
				<key>CLANG_WARN_BOOL_CONVERSION</key>
				<string>YES</string>
				<key>CLANG_WARN_CONSTANT_CONVERSION</key>
				<string>YES</string>
				<key>CLANG_WARN_DIRECT_OBJC_ISA_USAGE</key>
				<string>YES_ERROR</string>
				<key>CLANG_WARN_EMPTY_BODY</key>
				<string>YES</string>
				<key>CLANG_WARN_ENUM_CONVERSION</key>
				<string>YES</string>
				<key>CLANG_WARN_INT_CONVERSION</key>
				<string>YES</string>
				<key>CLANG_WARN_OBJC_ROOT_CLASS</key>
				<string>YES_ERROR</string>
				<key>CLANG_WARN__DUPLICATE_METHOD_MATCH</key>
				<string>YES</string>
				<key>CODE_SIGN_IDENTITY[sdk=iphoneos*]</key>
				<string>iPhone Developer</string>
				<key>COPY_PHASE_STRIP</key>
				<string>NO</string>
				<key>GCC_C_LANGUAGE_STANDARD</key>
				<string>gnu99</string>
				<key>GCC_DYNAMIC_NO_PIC</key>
				<string>NO</string>
				<key>GCC_OPTIMIZATION_LEVEL</key>
				<string>0</string>
				<key>GCC_PREPROCESSOR_DEFINITIONS</key>
				<array>
					<string>DEBUG=1</string>
					<string>$(inherited)</string>
				</array>
				<key>GCC_SYMBOLS_PRIVATE_EXTERN</key>
				<string>NO</string>
				<key>GCC_WARN_64_TO_32_BIT_CONVERSION</key>
				<string>YES</string>
				<key>GCC_WARN_ABOUT_RETURN_TYPE</key>
				<string>YES_ERROR</string>
				<key>GCC_WARN_UNDECLARED_SELECTOR</key>
				<string>YES</string>
				<key>GCC_WARN_UNINITIALIZED_AUTOS</key>
				<string>YES</string>
				<key>GCC_WARN_UNUSED_FUNCTION</key>
				<string>YES</string>
				<key>GCC_WARN_UNUSED_VARIABLE</key>
				<string>YES</string>
				<key>IPHONEOS_DEPLOYMENT_TARGET</key>
				<string>6.1</string>
				<key>ONLY_ACTIVE_ARCH</key>
				<string>YES</string>
				<key>SDKROOT</key>
				<string>iphoneos6.1</string>
				<key>TARGETED_DEVICE_FAMILY</key>
				<string>1,2</string>
			</dict>
			<key>isa</key>
			<string>XCBuildConfiguration</string>
			<key>name</key>
			<string>Debug</string>
		</dict>
		<key>B2784A761860A4FC0057F064</key>
		<dict>
			<key>buildSettings</key>
			<dict>
				<key>ALWAYS_SEARCH_USER_PATHS</key>
				<string>NO</string>
				<key>ARCHS</key>
				<string>$(ARCHS_STANDARD_INCLUDING_64_BIT)</string>
				<key>CLANG_CXX_LANGUAGE_STANDARD</key>
				<string>gnu++0x</string>
				<key>CLANG_CXX_LIBRARY</key>
				<string>libc++</string>
				<key>CLANG_ENABLE_MODULES</key>
				<string>YES</string>
				<key>CLANG_ENABLE_OBJC_ARC</key>
				<string>YES</string>
				<key>CLANG_WARN_BOOL_CONVERSION</key>
				<string>YES</string>
				<key>CLANG_WARN_CONSTANT_CONVERSION</key>
				<string>YES</string>
				<key>CLANG_WARN_DIRECT_OBJC_ISA_USAGE</key>
				<string>YES_ERROR</string>
				<key>CLANG_WARN_EMPTY_BODY</key>
				<string>YES</string>
				<key>CLANG_WARN_ENUM_CONVERSION</key>
				<string>YES</string>
				<key>CLANG_WARN_INT_CONVERSION</key>
				<string>YES</string>
				<key>CLANG_WARN_OBJC_ROOT_CLASS</key>
				<string>YES_ERROR</string>
				<key>CLANG_WARN__DUPLICATE_METHOD_MATCH</key>
				<string>YES</string>
				<key>CODE_SIGN_IDENTITY[sdk=iphoneos*]</key>
				<string>iPhone Developer</string>
				<key>COPY_PHASE_STRIP</key>
				<string>YES</string>
				<key>ENABLE_NS_ASSERTIONS</key>
				<string>NO</string>
				<key>GCC_C_LANGUAGE_STANDARD</key>
				<string>gnu99</string>
				<key>GCC_WARN_64_TO_32_BIT_CONVERSION</key>
				<string>YES</string>
				<key>GCC_WARN_ABOUT_RETURN_TYPE</key>
				<string>YES_ERROR</string>
				<key>GCC_WARN_UNDECLARED_SELECTOR</key>
				<string>YES</string>
				<key>GCC_WARN_UNINITIALIZED_AUTOS</key>
				<string>YES</string>
				<key>GCC_WARN_UNUSED_FUNCTION</key>
				<string>YES</string>
				<key>GCC_WARN_UNUSED_VARIABLE</key>
				<string>YES</string>
				<key>IPHONEOS_DEPLOYMENT_TARGET</key>
				<string>6.1</string>
				<key>SDKROOT</key>
				<string>iphoneos6.1</string>
				<key>TARGETED_DEVICE_FAMILY</key>
				<string>1,2</string>
				<key>VALIDATE_PRODUCT</key>
				<string>YES</string>
			</dict>
			<key>isa</key>
			<string>XCBuildConfiguration</string>
			<key>name</key>
			<string>Release</string>
		</dict>
		<key>B2784A771860A4FC0057F064</key>
		<dict>
			<key>buildConfigurations</key>
			<array>
				<string>B2784A781860A4FC0057F064</string>
				<string>B2784A791860A4FC0057F064</string>
			</array>
			<key>defaultConfigurationIsVisible</key>
			<string>0</string>
			<key>defaultConfigurationName</key>
			<string>Release</string>
			<key>isa</key>
			<string>XCConfigurationList</string>
		</dict>
		<key>B2784A781860A4FC0057F064</key>
		<dict>
			<key>baseConfigurationReference</key>
			<string>FCBB139175294EAFAAB57DDA</string>
			<key>buildSettings</key>
			<dict>
				<key>FRAMEWORK_SEARCH_PATHS</key>
				<array>
					<string>$(inherited)</string>
					<string>"$(SRCROOT)"</string>
					<string>"$(SRCROOT)/PayMillSDK"</string>
					<string>"$(SRCROOT)/Pods/Parse"</string>
					<string>"$(SRCROOT)/Pods/PayMillSDK/samples/vouchermill/PayMillSDK"</string>
				</array>
				<key>GCC_PRECOMPILE_PREFIX_HEADER</key>
				<string>YES</string>
				<key>GCC_PREFIX_HEADER</key>
				<string>Honey on Sale/Honey on Sale-Prefix.pch</string>
				<key>INFOPLIST_FILE</key>
				<string>Honey on Sale/Honey on Sale-Info.plist</string>
				<key>LIBRARY_SEARCH_PATHS</key>
				<array>
					<string>$(inherited)</string>
					<string>"$(SRCROOT)/Pods/build/Debug-iphonesimulator"</string>
					<string>"$(SRCROOT)/Pods/CardIO/CardIO"</string>
				</array>
				<key>OTHER_CFLAGS</key>
				<string>$(inherited)</string>
				<key>OTHER_LDFLAGS</key>
				<string>-lc++</string>
				<key>PRODUCT_NAME</key>
				<string>$(TARGET_NAME)</string>
				<key>WRAPPER_EXTENSION</key>
				<string>app</string>
			</dict>
			<key>isa</key>
			<string>XCBuildConfiguration</string>
			<key>name</key>
			<string>Debug</string>
		</dict>
		<key>B2784A791860A4FC0057F064</key>
		<dict>
			<key>baseConfigurationReference</key>
			<string>FCBB139175294EAFAAB57DDA</string>
			<key>buildSettings</key>
			<dict>
				<key>FRAMEWORK_SEARCH_PATHS</key>
				<array>
					<string>$(inherited)</string>
					<string>"$(SRCROOT)"</string>
					<string>"$(SRCROOT)/PayMillSDK"</string>
					<string>/Users/Lupo/Documents/Projects/Honey\ on\ Sale</string>
					<string>/Users/Lupo/Documents/Projects/Honey\ on\ Sale/PayMillSDK</string>
					<string>"$(SRCROOT)/Pods/Parse"</string>
					<string>"$(SRCROOT)/Pods/PayMillSDK/samples/vouchermill/PayMillSDK"</string>
				</array>
				<key>GCC_PRECOMPILE_PREFIX_HEADER</key>
				<string>YES</string>
				<key>GCC_PREFIX_HEADER</key>
				<string>Honey on Sale/Honey on Sale-Prefix.pch</string>
				<key>INFOPLIST_FILE</key>
				<string>Honey on Sale/Honey on Sale-Info.plist</string>
				<key>LIBRARY_SEARCH_PATHS</key>
				<array>
					<string>$(inherited)</string>
					<string>"$(SRCROOT)/Pods/build/Debug-iphonesimulator"</string>
					<string>"$(SRCROOT)/Pods/CardIO/CardIO"</string>
				</array>
				<key>OTHER_CFLAGS</key>
				<string>$(inherited)</string>
				<key>OTHER_LDFLAGS</key>
				<string>-lc++</string>
				<key>PRODUCT_NAME</key>
				<string>$(TARGET_NAME)</string>
				<key>WRAPPER_EXTENSION</key>
				<string>app</string>
			</dict>
			<key>isa</key>
			<string>XCBuildConfiguration</string>
			<key>name</key>
			<string>Release</string>
		</dict>
		<key>B2784A9718842C590057F064</key>
		<dict>
			<key>isa</key>
			<string>PBXFileReference</string>
			<key>lastKnownFileType</key>
			<string>wrapper.framework</string>
			<key>name</key>
			<string>CFNetwork.framework</string>
			<key>path</key>
			<string>System/Library/Frameworks/CFNetwork.framework</string>
			<key>sourceTree</key>
			<string>SDKROOT</string>
		</dict>
		<key>B2784A9818842C590057F064</key>
		<dict>
			<key>fileRef</key>
			<string>B2784A9718842C590057F064</string>
			<key>isa</key>
			<string>PBXBuildFile</string>
		</dict>
		<key>B2784A9918842C880057F064</key>
		<dict>
			<key>isa</key>
			<string>PBXFileReference</string>
			<key>lastKnownFileType</key>
			<string>wrapper.framework</string>
			<key>name</key>
			<string>SystemConfiguration.framework</string>
			<key>path</key>
			<string>System/Library/Frameworks/SystemConfiguration.framework</string>
			<key>sourceTree</key>
			<string>SDKROOT</string>
		</dict>
		<key>B2784A9A18842C890057F064</key>
		<dict>
			<key>fileRef</key>
			<string>B2784A9918842C880057F064</string>
			<key>isa</key>
			<string>PBXBuildFile</string>
		</dict>
		<key>B2784A9B18842CC20057F064</key>
		<dict>
			<key>isa</key>
			<string>PBXFileReference</string>
			<key>lastKnownFileType</key>
			<string>compiled.mach-o.dylib</string>
			<key>name</key>
			<string>libxml2.dylib</string>
			<key>path</key>
			<string>usr/lib/libxml2.dylib</string>
			<key>sourceTree</key>
			<string>SDKROOT</string>
		</dict>
		<key>F9A69967579C4C50A52A8210</key>
		<dict>
			<key>fileRef</key>
			<string>5295864E4E06434BB745B888</string>
			<key>isa</key>
			<string>PBXBuildFile</string>
		</dict>
		<key>FCBB139175294EAFAAB57DDA</key>
		<dict>
			<key>includeInIndex</key>
			<string>1</string>
			<key>isa</key>
			<string>PBXFileReference</string>
			<key>lastKnownFileType</key>
			<string>text.xcconfig</string>
			<key>name</key>
			<string>Pods.xcconfig</string>
			<key>path</key>
			<string>Pods/Pods.xcconfig</string>
			<key>sourceTree</key>
			<string>&lt;group&gt;</string>
		</dict>
	</dict>
	<key>rootObject</key>
	<string>B2784A371860A4FB0057F064</string>
</dict>
</plist>
