// !$*UTF8*$!
{
	archiveVersion = 1;
	classes = {
	};
	objectVersion = 46;
	objects = {

/* Begin PBXBuildFile section */
		225604A41874866200F0B637 /* MainStoryBoard.storyboard in Resources */ = {isa = PBXBuildFile; fileRef = 225604A31874866200F0B637 /* MainStoryBoard.storyboard */; };
		225604A61876EAFE00F0B637 /* Parse.framework in Frameworks */ = {isa = PBXBuildFile; fileRef = 225604A51876EAFE00F0B637 /* Parse.framework */; };
		225604A81876EB1000F0B637 /* PayMillSDK.framework in Frameworks */ = {isa = PBXBuildFile; fileRef = 225604A71876EB1000F0B637 /* PayMillSDK.framework */; };
		225604AA1876F82300F0B637 /* AudioToolbox.framework in Frameworks */ = {isa = PBXBuildFile; fileRef = 225604A91876F82300F0B637 /* AudioToolbox.framework */; };
		225604AC1876F82B00F0B637 /* CFNetwork.framework in Frameworks */ = {isa = PBXBuildFile; fileRef = 225604AB1876F82B00F0B637 /* CFNetwork.framework */; };
		225604AE1876F84000F0B637 /* CoreLocation.framework in Frameworks */ = {isa = PBXBuildFile; fileRef = 225604AD1876F84000F0B637 /* CoreLocation.framework */; };
		225604B01876F84D00F0B637 /* libz.1.1.3.dylib in Frameworks */ = {isa = PBXBuildFile; fileRef = 225604AF1876F84D00F0B637 /* libz.1.1.3.dylib */; };
		225604B21876F85400F0B637 /* MobileCoreServices.framework in Frameworks */ = {isa = PBXBuildFile; fileRef = 225604B11876F85400F0B637 /* MobileCoreServices.framework */; };
		225604B41876F86500F0B637 /* QuartzCore.framework in Frameworks */ = {isa = PBXBuildFile; fileRef = 225604B31876F86500F0B637 /* QuartzCore.framework */; };
		225604B61876F86C00F0B637 /* Security.framework in Frameworks */ = {isa = PBXBuildFile; fileRef = 225604B51876F86C00F0B637 /* Security.framework */; };
		225604B81876F87300F0B637 /* StoreKit.framework in Frameworks */ = {isa = PBXBuildFile; fileRef = 225604B71876F87300F0B637 /* StoreKit.framework */; };
		225604BA1876F87900F0B637 /* SystemConfiguration.framework in Frameworks */ = {isa = PBXBuildFile; fileRef = 225604B91876F87900F0B637 /* SystemConfiguration.framework */; };
		225604D018848E8F00F0B637 /* MBProgressHUD.m in Sources */ = {isa = PBXBuildFile; fileRef = 225604CF18848E8F00F0B637 /* MBProgressHUD.m */; };
		225604D118848E8F00F0B637 /* MBProgressHUD.m in Sources */ = {isa = PBXBuildFile; fileRef = 225604CF18848E8F00F0B637 /* MBProgressHUD.m */; };
		225604D918848E9B00F0B637 /* Product.m in Sources */ = {isa = PBXBuildFile; fileRef = 225604D418848E9B00F0B637 /* Product.m */; };
		225604DA18848E9B00F0B637 /* Product.m in Sources */ = {isa = PBXBuildFile; fileRef = 225604D418848E9B00F0B637 /* Product.m */; };
		225604DD18848E9B00F0B637 /* StoreController.m in Sources */ = {isa = PBXBuildFile; fileRef = 225604D818848E9B00F0B637 /* StoreController.m */; };
		225604DE18848E9B00F0B637 /* StoreController.m in Sources */ = {isa = PBXBuildFile; fileRef = 225604D818848E9B00F0B637 /* StoreController.m */; };
		225604E0188493A800F0B637 /* Default-568h@2x.png in Resources */ = {isa = PBXBuildFile; fileRef = 225604DF188493A800F0B637 /* Default-568h@2x.png */; };
		225604E41884A2EA00F0B637 /* product.png in Resources */ = {isa = PBXBuildFile; fileRef = 225604E21884A2EA00F0B637 /* product.png */; };
		225604E51884A2EA00F0B637 /* product.png in Resources */ = {isa = PBXBuildFile; fileRef = 225604E21884A2EA00F0B637 /* product.png */; };
		225604E61884A2EA00F0B637 /* product@2x.png in Resources */ = {isa = PBXBuildFile; fileRef = 225604E31884A2EA00F0B637 /* product@2x.png */; };
		225604E71884A2EA00F0B637 /* product@2x.png in Resources */ = {isa = PBXBuildFile; fileRef = 225604E31884A2EA00F0B637 /* product@2x.png */; };
		225604F3188DC6FD00F0B637 /* ProductDetailsViewController.m in Sources */ = {isa = PBXBuildFile; fileRef = 225604EC188DC6FD00F0B637 /* ProductDetailsViewController.m */; };
		225604F4188DC6FD00F0B637 /* ProductDetailsViewController.m in Sources */ = {isa = PBXBuildFile; fileRef = 225604EC188DC6FD00F0B637 /* ProductDetailsViewController.m */; };
		225604F5188DC6FD00F0B637 /* ProductTableViewCell.m in Sources */ = {isa = PBXBuildFile; fileRef = 225604EE188DC6FD00F0B637 /* ProductTableViewCell.m */; };
		225604F6188DC6FD00F0B637 /* ProductTableViewCell.m in Sources */ = {isa = PBXBuildFile; fileRef = 225604EE188DC6FD00F0B637 /* ProductTableViewCell.m */; };
		225604F7188DC6FD00F0B637 /* StoreViewController.m in Sources */ = {isa = PBXBuildFile; fileRef = 225604F0188DC6FD00F0B637 /* StoreViewController.m */; };
		225604F8188DC6FD00F0B637 /* StoreViewController.m in Sources */ = {isa = PBXBuildFile; fileRef = 225604F0188DC6FD00F0B637 /* StoreViewController.m */; };
		225604FC188DCBC900F0B637 /* LoginScreenViewController.m in Sources */ = {isa = PBXBuildFile; fileRef = 225604FB188DCBC900F0B637 /* LoginScreenViewController.m */; };
		225604FD188DCBC900F0B637 /* LoginScreenViewController.m in Sources */ = {isa = PBXBuildFile; fileRef = 225604FB188DCBC900F0B637 /* LoginScreenViewController.m */; };
		225604FF188DCF6600F0B637 /* honey-for-sale-sign.jpg in Resources */ = {isa = PBXBuildFile; fileRef = 225604FE188DCF6600F0B637 /* honey-for-sale-sign.jpg */; };
		22560500188DCF6600F0B637 /* honey-for-sale-sign.jpg in Resources */ = {isa = PBXBuildFile; fileRef = 225604FE188DCF6600F0B637 /* honey-for-sale-sign.jpg */; };
		22560502188DD5D700F0B637 /* CoreData.framework in Frameworks */ = {isa = PBXBuildFile; fileRef = 22560501188DD5D700F0B637 /* CoreData.framework */; };
		22560504188DD66000F0B637 /* PayMillSDK.bundle in Resources */ = {isa = PBXBuildFile; fileRef = 22560503188DD66000F0B637 /* PayMillSDK.bundle */; };
		22560508188DDB4F00F0B637 /* MLPAccessoryBadge.m in Sources */ = {isa = PBXBuildFile; fileRef = 22560507188DDB4F00F0B637 /* MLPAccessoryBadge.m */; };
		22560509188DDB4F00F0B637 /* MLPAccessoryBadge.m in Sources */ = {isa = PBXBuildFile; fileRef = 22560507188DDB4F00F0B637 /* MLPAccessoryBadge.m */; };
		22966AF418919D2900481EE1 /* libCardIO.a in Frameworks */ = {isa = PBXBuildFile; fileRef = 22966AF318919D2900481EE1 /* libCardIO.a */; };
		22966AF518919D2900481EE1 /* libCardIO.a in Frameworks */ = {isa = PBXBuildFile; fileRef = 22966AF318919D2900481EE1 /* libCardIO.a */; };
		22966AF91891C0F800481EE1 /* PaymentViewController.m in Sources */ = {isa = PBXBuildFile; fileRef = 22966AF81891C0F800481EE1 /* PaymentViewController.m */; };
		22966AFA1891C0F800481EE1 /* PaymentViewController.m in Sources */ = {isa = PBXBuildFile; fileRef = 22966AF81891C0F800481EE1 /* PaymentViewController.m */; };
		22966AFB1891C2BB00481EE1 /* bee_icon.png in Resources */ = {isa = PBXBuildFile; fileRef = B2084056189180EA00A79D2C /* bee_icon.png */; };
		229C189E18903D1400B8DBD0 /* CheckoutViewController.m in Sources */ = {isa = PBXBuildFile; fileRef = 229C189D18903D1400B8DBD0 /* CheckoutViewController.m */; };
		B2084041189178F500A79D2C /* Default-568h@2x.png in Resources */ = {isa = PBXBuildFile; fileRef = B2084040189178F500A79D2C /* Default-568h@2x.png */; };
		B2084042189178F500A79D2C /* Default-568h@2x.png in Resources */ = {isa = PBXBuildFile; fileRef = B2084040189178F500A79D2C /* Default-568h@2x.png */; };
		B208404E18917B8E00A79D2C /* AVFoundation.framework in Frameworks */ = {isa = PBXBuildFile; fileRef = B208404D18917B8E00A79D2C /* AVFoundation.framework */; };
		B208405018917BC700A79D2C /* OpenGLES.framework in Frameworks */ = {isa = PBXBuildFile; fileRef = B208404F18917BC700A79D2C /* OpenGLES.framework */; };
		B208405218917E0A00A79D2C /* CoreVideo.framework in Frameworks */ = {isa = PBXBuildFile; fileRef = B208405118917E0A00A79D2C /* CoreVideo.framework */; };
		B208405418917E3300A79D2C /* CoreMedia.framework in Frameworks */ = {isa = PBXBuildFile; fileRef = B208405318917E3300A79D2C /* CoreMedia.framework */; };
		B2784A431860A4FB0057F064 /* Foundation.framework in Frameworks */ = {isa = PBXBuildFile; fileRef = B2784A421860A4FB0057F064 /* Foundation.framework */; };
		B2784A451860A4FB0057F064 /* CoreGraphics.framework in Frameworks */ = {isa = PBXBuildFile; fileRef = B2784A441860A4FB0057F064 /* CoreGraphics.framework */; };
		B2784A471860A4FB0057F064 /* UIKit.framework in Frameworks */ = {isa = PBXBuildFile; fileRef = B2784A461860A4FB0057F064 /* UIKit.framework */; };
		B2784A4D1860A4FC0057F064 /* InfoPlist.strings in Resources */ = {isa = PBXBuildFile; fileRef = B2784A4B1860A4FC0057F064 /* InfoPlist.strings */; };
		B2784A4F1860A4FC0057F064 /* main.m in Sources */ = {isa = PBXBuildFile; fileRef = B2784A4E1860A4FC0057F064 /* main.m */; };
		B2784A531860A4FC0057F064 /* AppDelegate.m in Sources */ = {isa = PBXBuildFile; fileRef = B2784A521860A4FC0057F064 /* AppDelegate.m */; };
		B2784A681860A4FC0057F064 /* XCTest.framework in Frameworks */ = {isa = PBXBuildFile; fileRef = B2784A671860A4FC0057F064 /* XCTest.framework */; };
		B2784A691860A4FC0057F064 /* Foundation.framework in Frameworks */ = {isa = PBXBuildFile; fileRef = B2784A421860A4FB0057F064 /* Foundation.framework */; };
		B2784A6A1860A4FC0057F064 /* UIKit.framework in Frameworks */ = {isa = PBXBuildFile; fileRef = B2784A461860A4FB0057F064 /* UIKit.framework */; };
		B2784A721860A4FC0057F064 /* InfoPlist.strings in Resources */ = {isa = PBXBuildFile; fileRef = B2784A701860A4FC0057F064 /* InfoPlist.strings */; };
		B2784A741860A4FC0057F064 /* Honey_on_SaleTests.m in Sources */ = {isa = PBXBuildFile; fileRef = B2784A731860A4FC0057F064 /* Honey_on_SaleTests.m */; };
		B2784A821883F8D70057F064 /* Parse.framework in Frameworks */ = {isa = PBXBuildFile; fileRef = B2784A811883F8D70057F064 /* Parse.framework */; };
		B2784A861883F8F00057F064 /* PayMillSDK.framework in Frameworks */ = {isa = PBXBuildFile; fileRef = B2784A851883F8DF0057F064 /* PayMillSDK.framework */; };
		B2784A9818842C590057F064 /* CFNetwork.framework in Frameworks */ = {isa = PBXBuildFile; fileRef = B2784A9718842C590057F064 /* CFNetwork.framework */; };
		B2784A9A18842C890057F064 /* SystemConfiguration.framework in Frameworks */ = {isa = PBXBuildFile; fileRef = B2784A9918842C880057F064 /* SystemConfiguration.framework */; };
/* End PBXBuildFile section */

/* Begin PBXContainerItemProxy section */
		B2784A6B1860A4FC0057F064 /* PBXContainerItemProxy */ = {
			isa = PBXContainerItemProxy;
			containerPortal = B2784A371860A4FB0057F064 /* Project object */;
			proxyType = 1;
			remoteGlobalIDString = B2784A3E1860A4FB0057F064;
			remoteInfo = "Honey on Sale";
		};
/* End PBXContainerItemProxy section */

/* Begin PBXFileReference section */
		225604A31874866200F0B637 /* MainStoryBoard.storyboard */ = {isa = PBXFileReference; fileEncoding = 4; lastKnownFileType = file.storyboard; path = MainStoryBoard.storyboard; sourceTree = "<group>"; };
		225604A51876EAFE00F0B637 /* Parse.framework */ = {isa = PBXFileReference; lastKnownFileType = wrapper.framework; path = Parse.framework; sourceTree = "<group>"; };
		225604A71876EB1000F0B637 /* PayMillSDK.framework */ = {isa = PBXFileReference; lastKnownFileType = wrapper.framework; name = PayMillSDK.framework; path = PayMillSDK/PayMillSDK.framework; sourceTree = "<group>"; };
		225604A91876F82300F0B637 /* AudioToolbox.framework */ = {isa = PBXFileReference; lastKnownFileType = wrapper.framework; name = AudioToolbox.framework; path = System/Library/Frameworks/AudioToolbox.framework; sourceTree = SDKROOT; };
		225604AB1876F82B00F0B637 /* CFNetwork.framework */ = {isa = PBXFileReference; lastKnownFileType = wrapper.framework; name = CFNetwork.framework; path = System/Library/Frameworks/CFNetwork.framework; sourceTree = SDKROOT; };
		225604AD1876F84000F0B637 /* CoreLocation.framework */ = {isa = PBXFileReference; lastKnownFileType = wrapper.framework; name = CoreLocation.framework; path = System/Library/Frameworks/CoreLocation.framework; sourceTree = SDKROOT; };
		225604AF1876F84D00F0B637 /* libz.1.1.3.dylib */ = {isa = PBXFileReference; lastKnownFileType = "compiled.mach-o.dylib"; name = libz.1.1.3.dylib; path = usr/lib/libz.1.1.3.dylib; sourceTree = SDKROOT; };
		225604B11876F85400F0B637 /* MobileCoreServices.framework */ = {isa = PBXFileReference; lastKnownFileType = wrapper.framework; name = MobileCoreServices.framework; path = System/Library/Frameworks/MobileCoreServices.framework; sourceTree = SDKROOT; };
		225604B31876F86500F0B637 /* QuartzCore.framework */ = {isa = PBXFileReference; lastKnownFileType = wrapper.framework; name = QuartzCore.framework; path = System/Library/Frameworks/QuartzCore.framework; sourceTree = SDKROOT; };
		225604B51876F86C00F0B637 /* Security.framework */ = {isa = PBXFileReference; lastKnownFileType = wrapper.framework; name = Security.framework; path = System/Library/Frameworks/Security.framework; sourceTree = SDKROOT; };
		225604B71876F87300F0B637 /* StoreKit.framework */ = {isa = PBXFileReference; lastKnownFileType = wrapper.framework; name = StoreKit.framework; path = System/Library/Frameworks/StoreKit.framework; sourceTree = SDKROOT; };
		225604B91876F87900F0B637 /* SystemConfiguration.framework */ = {isa = PBXFileReference; lastKnownFileType = wrapper.framework; name = SystemConfiguration.framework; path = System/Library/Frameworks/SystemConfiguration.framework; sourceTree = SDKROOT; };
		225604CE18848E8F00F0B637 /* MBProgressHUD.h */ = {isa = PBXFileReference; fileEncoding = 4; lastKnownFileType = sourcecode.c.h; path = MBProgressHUD.h; sourceTree = "<group>"; };
		225604CF18848E8F00F0B637 /* MBProgressHUD.m */ = {isa = PBXFileReference; fileEncoding = 4; lastKnownFileType = sourcecode.c.objc; path = MBProgressHUD.m; sourceTree = "<group>"; };
		225604D318848E9B00F0B637 /* Product.h */ = {isa = PBXFileReference; fileEncoding = 4; lastKnownFileType = sourcecode.c.h; path = Product.h; sourceTree = "<group>"; };
		225604D418848E9B00F0B637 /* Product.m */ = {isa = PBXFileReference; fileEncoding = 4; lastKnownFileType = sourcecode.c.objc; path = Product.m; sourceTree = "<group>"; };
		225604D718848E9B00F0B637 /* StoreController.h */ = {isa = PBXFileReference; fileEncoding = 4; lastKnownFileType = sourcecode.c.h; path = StoreController.h; sourceTree = "<group>"; };
		225604D818848E9B00F0B637 /* StoreController.m */ = {isa = PBXFileReference; fileEncoding = 4; lastKnownFileType = sourcecode.c.objc; path = StoreController.m; sourceTree = "<group>"; };
		225604DF188493A800F0B637 /* Default-568h@2x.png */ = {isa = PBXFileReference; lastKnownFileType = image.png; name = "Default-568h@2x.png"; path = "../../Default-568h@2x.png"; sourceTree = "<group>"; };
		225604E21884A2EA00F0B637 /* product.png */ = {isa = PBXFileReference; lastKnownFileType = image.png; path = product.png; sourceTree = "<group>"; };
		225604E31884A2EA00F0B637 /* product@2x.png */ = {isa = PBXFileReference; lastKnownFileType = image.png; path = "product@2x.png"; sourceTree = "<group>"; };
		225604EB188DC6FD00F0B637 /* ProductDetailsViewController.h */ = {isa = PBXFileReference; fileEncoding = 4; lastKnownFileType = sourcecode.c.h; path = ProductDetailsViewController.h; sourceTree = "<group>"; };
		225604EC188DC6FD00F0B637 /* ProductDetailsViewController.m */ = {isa = PBXFileReference; fileEncoding = 4; lastKnownFileType = sourcecode.c.objc; path = ProductDetailsViewController.m; sourceTree = "<group>"; };
		225604ED188DC6FD00F0B637 /* ProductTableViewCell.h */ = {isa = PBXFileReference; fileEncoding = 4; lastKnownFileType = sourcecode.c.h; path = ProductTableViewCell.h; sourceTree = "<group>"; };
		225604EE188DC6FD00F0B637 /* ProductTableViewCell.m */ = {isa = PBXFileReference; fileEncoding = 4; lastKnownFileType = sourcecode.c.objc; path = ProductTableViewCell.m; sourceTree = "<group>"; };
		225604EF188DC6FD00F0B637 /* StoreViewController.h */ = {isa = PBXFileReference; fileEncoding = 4; lastKnownFileType = sourcecode.c.h; path = StoreViewController.h; sourceTree = "<group>"; };
		225604F0188DC6FD00F0B637 /* StoreViewController.m */ = {isa = PBXFileReference; fileEncoding = 4; lastKnownFileType = sourcecode.c.objc; path = StoreViewController.m; sourceTree = "<group>"; };
		225604FA188DCBC900F0B637 /* LoginScreenViewController.h */ = {isa = PBXFileReference; fileEncoding = 4; lastKnownFileType = sourcecode.c.h; path = LoginScreenViewController.h; sourceTree = "<group>"; };
		225604FB188DCBC900F0B637 /* LoginScreenViewController.m */ = {isa = PBXFileReference; fileEncoding = 4; lastKnownFileType = sourcecode.c.objc; path = LoginScreenViewController.m; sourceTree = "<group>"; };
		225604FE188DCF6600F0B637 /* honey-for-sale-sign.jpg */ = {isa = PBXFileReference; lastKnownFileType = image.jpeg; path = "honey-for-sale-sign.jpg"; sourceTree = "<group>"; };
		22560501188DD5D700F0B637 /* CoreData.framework */ = {isa = PBXFileReference; lastKnownFileType = wrapper.framework; name = CoreData.framework; path = System/Library/Frameworks/CoreData.framework; sourceTree = SDKROOT; };
		22560503188DD66000F0B637 /* PayMillSDK.bundle */ = {isa = PBXFileReference; lastKnownFileType = "wrapper.plug-in"; name = PayMillSDK.bundle; path = ../../PayMillSDK/PayMillSDK.bundle; sourceTree = "<group>"; };
		22560506188DDB4F00F0B637 /* MLPAccessoryBadge.h */ = {isa = PBXFileReference; fileEncoding = 4; lastKnownFileType = sourcecode.c.h; path = MLPAccessoryBadge.h; sourceTree = "<group>"; };
		22560507188DDB4F00F0B637 /* MLPAccessoryBadge.m */ = {isa = PBXFileReference; fileEncoding = 4; lastKnownFileType = sourcecode.c.objc; path = MLPAccessoryBadge.m; sourceTree = "<group>"; };
		22966AED18919D2900481EE1 /* CardIO.h */ = {isa = PBXFileReference; fileEncoding = 4; lastKnownFileType = sourcecode.c.h; path = CardIO.h; sourceTree = "<group>"; };
		22966AEE18919D2900481EE1 /* CardIOCreditCardInfo.h */ = {isa = PBXFileReference; fileEncoding = 4; lastKnownFileType = sourcecode.c.h; path = CardIOCreditCardInfo.h; sourceTree = "<group>"; };
		22966AEF18919D2900481EE1 /* CardIOPaymentViewController.h */ = {isa = PBXFileReference; fileEncoding = 4; lastKnownFileType = sourcecode.c.h; path = CardIOPaymentViewController.h; sourceTree = "<group>"; };
		22966AF018919D2900481EE1 /* CardIOPaymentViewControllerDelegate.h */ = {isa = PBXFileReference; fileEncoding = 4; lastKnownFileType = sourcecode.c.h; path = CardIOPaymentViewControllerDelegate.h; sourceTree = "<group>"; };
		22966AF118919D2900481EE1 /* CardIOView.h */ = {isa = PBXFileReference; fileEncoding = 4; lastKnownFileType = sourcecode.c.h; path = CardIOView.h; sourceTree = "<group>"; };
		22966AF218919D2900481EE1 /* CardIOViewDelegate.h */ = {isa = PBXFileReference; fileEncoding = 4; lastKnownFileType = sourcecode.c.h; path = CardIOViewDelegate.h; sourceTree = "<group>"; };
		22966AF318919D2900481EE1 /* libCardIO.a */ = {isa = PBXFileReference; lastKnownFileType = archive.ar; path = libCardIO.a; sourceTree = "<group>"; };
		22966AF71891C0F800481EE1 /* PaymentViewController.h */ = {isa = PBXFileReference; fileEncoding = 4; lastKnownFileType = sourcecode.c.h; path = PaymentViewController.h; sourceTree = "<group>"; };
		22966AF81891C0F800481EE1 /* PaymentViewController.m */ = {isa = PBXFileReference; fileEncoding = 4; lastKnownFileType = sourcecode.c.objc; path = PaymentViewController.m; sourceTree = "<group>"; };
		229C189C18903D1400B8DBD0 /* CheckoutViewController.h */ = {isa = PBXFileReference; fileEncoding = 4; lastKnownFileType = sourcecode.c.h; path = CheckoutViewController.h; sourceTree = "<group>"; };
		229C189D18903D1400B8DBD0 /* CheckoutViewController.m */ = {isa = PBXFileReference; fileEncoding = 4; lastKnownFileType = sourcecode.c.objc; path = CheckoutViewController.m; sourceTree = "<group>"; };
		B2084040189178F500A79D2C /* Default-568h@2x.png */ = {isa = PBXFileReference; lastKnownFileType = image.png; path = "Default-568h@2x.png"; sourceTree = "<group>"; };
		B208404D18917B8E00A79D2C /* AVFoundation.framework */ = {isa = PBXFileReference; lastKnownFileType = wrapper.framework; name = AVFoundation.framework; path = System/Library/Frameworks/AVFoundation.framework; sourceTree = SDKROOT; };
		B208404F18917BC700A79D2C /* OpenGLES.framework */ = {isa = PBXFileReference; lastKnownFileType = wrapper.framework; name = OpenGLES.framework; path = System/Library/Frameworks/OpenGLES.framework; sourceTree = SDKROOT; };
		B208405118917E0A00A79D2C /* CoreVideo.framework */ = {isa = PBXFileReference; lastKnownFileType = wrapper.framework; name = CoreVideo.framework; path = System/Library/Frameworks/CoreVideo.framework; sourceTree = SDKROOT; };
		B208405318917E3300A79D2C /* CoreMedia.framework */ = {isa = PBXFileReference; lastKnownFileType = wrapper.framework; name = CoreMedia.framework; path = System/Library/Frameworks/CoreMedia.framework; sourceTree = SDKROOT; };
		B2084056189180EA00A79D2C /* bee_icon.png */ = {isa = PBXFileReference; lastKnownFileType = image.png; name = bee_icon.png; path = ../../bee_icon.png; sourceTree = "<group>"; };
		B2784A3F1860A4FB0057F064 /* Honey on Sale.app */ = {isa = PBXFileReference; explicitFileType = wrapper.application; includeInIndex = 0; path = "Honey on Sale.app"; sourceTree = BUILT_PRODUCTS_DIR; };
		B2784A421860A4FB0057F064 /* Foundation.framework */ = {isa = PBXFileReference; lastKnownFileType = wrapper.framework; name = Foundation.framework; path = System/Library/Frameworks/Foundation.framework; sourceTree = SDKROOT; };
		B2784A441860A4FB0057F064 /* CoreGraphics.framework */ = {isa = PBXFileReference; lastKnownFileType = wrapper.framework; name = CoreGraphics.framework; path = System/Library/Frameworks/CoreGraphics.framework; sourceTree = SDKROOT; };
		B2784A461860A4FB0057F064 /* UIKit.framework */ = {isa = PBXFileReference; lastKnownFileType = wrapper.framework; name = UIKit.framework; path = System/Library/Frameworks/UIKit.framework; sourceTree = SDKROOT; };
		B2784A4A1860A4FC0057F064 /* Honey on Sale-Info.plist */ = {isa = PBXFileReference; lastKnownFileType = text.plist.xml; path = "Honey on Sale-Info.plist"; sourceTree = "<group>"; };
		B2784A4C1860A4FC0057F064 /* en */ = {isa = PBXFileReference; lastKnownFileType = text.plist.strings; name = en; path = en.lproj/InfoPlist.strings; sourceTree = "<group>"; };
		B2784A4E1860A4FC0057F064 /* main.m */ = {isa = PBXFileReference; lastKnownFileType = sourcecode.c.objc; path = main.m; sourceTree = "<group>"; };
		B2784A501860A4FC0057F064 /* Honey on Sale-Prefix.pch */ = {isa = PBXFileReference; lastKnownFileType = sourcecode.c.h; path = "Honey on Sale-Prefix.pch"; sourceTree = "<group>"; };
		B2784A511860A4FC0057F064 /* AppDelegate.h */ = {isa = PBXFileReference; lastKnownFileType = sourcecode.c.h; path = AppDelegate.h; sourceTree = "<group>"; };
		B2784A521860A4FC0057F064 /* AppDelegate.m */ = {isa = PBXFileReference; lastKnownFileType = sourcecode.c.objc; path = AppDelegate.m; sourceTree = "<group>"; };
		B2784A661860A4FC0057F064 /* Honey on SaleTests.xctest */ = {isa = PBXFileReference; explicitFileType = wrapper.cfbundle; includeInIndex = 0; path = "Honey on SaleTests.xctest"; sourceTree = BUILT_PRODUCTS_DIR; };
		B2784A671860A4FC0057F064 /* XCTest.framework */ = {isa = PBXFileReference; lastKnownFileType = wrapper.framework; name = XCTest.framework; path = Library/Frameworks/XCTest.framework; sourceTree = DEVELOPER_DIR; };
		B2784A6F1860A4FC0057F064 /* Honey on SaleTests-Info.plist */ = {isa = PBXFileReference; lastKnownFileType = text.plist.xml; path = "Honey on SaleTests-Info.plist"; sourceTree = "<group>"; };
		B2784A711860A4FC0057F064 /* en */ = {isa = PBXFileReference; lastKnownFileType = text.plist.strings; name = en; path = en.lproj/InfoPlist.strings; sourceTree = "<group>"; };
		B2784A731860A4FC0057F064 /* Honey_on_SaleTests.m */ = {isa = PBXFileReference; lastKnownFileType = sourcecode.c.objc; path = Honey_on_SaleTests.m; sourceTree = "<group>"; };
		B2784A811883F8D70057F064 /* Parse.framework */ = {isa = PBXFileReference; lastKnownFileType = wrapper.framework; path = Parse.framework; sourceTree = "<group>"; };
		B2784A841883F8DF0057F064 /* PayMillSDK.bundle */ = {isa = PBXFileReference; lastKnownFileType = "wrapper.plug-in"; path = PayMillSDK.bundle; sourceTree = "<group>"; };
		B2784A851883F8DF0057F064 /* PayMillSDK.framework */ = {isa = PBXFileReference; lastKnownFileType = wrapper.framework; path = PayMillSDK.framework; sourceTree = "<group>"; };
		B2784A9718842C590057F064 /* CFNetwork.framework */ = {isa = PBXFileReference; lastKnownFileType = wrapper.framework; name = CFNetwork.framework; path = System/Library/Frameworks/CFNetwork.framework; sourceTree = SDKROOT; };
		B2784A9918842C880057F064 /* SystemConfiguration.framework */ = {isa = PBXFileReference; lastKnownFileType = wrapper.framework; name = SystemConfiguration.framework; path = System/Library/Frameworks/SystemConfiguration.framework; sourceTree = SDKROOT; };
		B2784A9B18842CC20057F064 /* libxml2.dylib */ = {isa = PBXFileReference; lastKnownFileType = "compiled.mach-o.dylib"; name = libxml2.dylib; path = usr/lib/libxml2.dylib; sourceTree = SDKROOT; };
/* End PBXFileReference section */

/* Begin PBXFrameworksBuildPhase section */
		B2784A3C1860A4FB0057F064 /* Frameworks */ = {
			isa = PBXFrameworksBuildPhase;
			buildActionMask = 2147483647;
			files = (
				B208405418917E3300A79D2C /* CoreMedia.framework in Frameworks */,
				B208405218917E0A00A79D2C /* CoreVideo.framework in Frameworks */,
				225604B41876F86500F0B637 /* QuartzCore.framework in Frameworks */,
				B208405018917BC700A79D2C /* OpenGLES.framework in Frameworks */,
				B208404E18917B8E00A79D2C /* AVFoundation.framework in Frameworks */,
				22560502188DD5D700F0B637 /* CoreData.framework in Frameworks */,
				225604BA1876F87900F0B637 /* SystemConfiguration.framework in Frameworks */,
				225604B81876F87300F0B637 /* StoreKit.framework in Frameworks */,
				225604B61876F86C00F0B637 /* Security.framework in Frameworks */,
				225604B21876F85400F0B637 /* MobileCoreServices.framework in Frameworks */,
				225604B01876F84D00F0B637 /* libz.1.1.3.dylib in Frameworks */,
				225604AE1876F84000F0B637 /* CoreLocation.framework in Frameworks */,
				B2784A451860A4FB0057F064 /* CoreGraphics.framework in Frameworks */,
				225604AC1876F82B00F0B637 /* CFNetwork.framework in Frameworks */,
				225604AA1876F82300F0B637 /* AudioToolbox.framework in Frameworks */,
				225604A81876EB1000F0B637 /* PayMillSDK.framework in Frameworks */,
				225604A61876EAFE00F0B637 /* Parse.framework in Frameworks */,
				B2784A9A18842C890057F064 /* SystemConfiguration.framework in Frameworks */,
				B2784A9818842C590057F064 /* CFNetwork.framework in Frameworks */,
				B2784A861883F8F00057F064 /* PayMillSDK.framework in Frameworks */,
				B2784A821883F8D70057F064 /* Parse.framework in Frameworks */,
				B2784A471860A4FB0057F064 /* UIKit.framework in Frameworks */,
				B2784A431860A4FB0057F064 /* Foundation.framework in Frameworks */,
				22966AF418919D2900481EE1 /* libCardIO.a in Frameworks */,
			);
			runOnlyForDeploymentPostprocessing = 0;
		};
		B2784A631860A4FC0057F064 /* Frameworks */ = {
			isa = PBXFrameworksBuildPhase;
			buildActionMask = 2147483647;
			files = (
				B2784A681860A4FC0057F064 /* XCTest.framework in Frameworks */,
				B2784A6A1860A4FC0057F064 /* UIKit.framework in Frameworks */,
				B2784A691860A4FC0057F064 /* Foundation.framework in Frameworks */,
				22966AF518919D2900481EE1 /* libCardIO.a in Frameworks */,
			);
			runOnlyForDeploymentPostprocessing = 0;
		};
/* End PBXFrameworksBuildPhase section */

/* Begin PBXGroup section */
		225604CD18848E8F00F0B637 /* MBProgressHUD */ = {
			isa = PBXGroup;
			children = (
				225604CE18848E8F00F0B637 /* MBProgressHUD.h */,
				225604CF18848E8F00F0B637 /* MBProgressHUD.m */,
			);
			path = MBProgressHUD;
			sourceTree = "<group>";
		};
		225604D218848E9B00F0B637 /* BusinessLogic */ = {
			isa = PBXGroup;
			children = (
				225604D318848E9B00F0B637 /* Product.h */,
				225604D418848E9B00F0B637 /* Product.m */,
				225604D718848E9B00F0B637 /* StoreController.h */,
				225604D818848E9B00F0B637 /* StoreController.m */,
			);
			path = BusinessLogic;
			sourceTree = "<group>";
		};
		225604E11884A2EA00F0B637 /* Resources */ = {
			isa = PBXGroup;
			children = (
				B2084056189180EA00A79D2C /* bee_icon.png */,
				225604DF188493A800F0B637 /* Default-568h@2x.png */,
				22560503188DD66000F0B637 /* PayMillSDK.bundle */,
				225604FE188DCF6600F0B637 /* honey-for-sale-sign.jpg */,
				225604E21884A2EA00F0B637 /* product.png */,
				225604E31884A2EA00F0B637 /* product@2x.png */,
			);
			name = Resources;
			path = "Honey on Sale/Resources";
			sourceTree = SOURCE_ROOT;
		};
		225604E8188DC6FD00F0B637 /* Screens */ = {
			isa = PBXGroup;
			children = (
				229C18A018903D3800B8DBD0 /* Store */,
				229C189F18903D2300B8DBD0 /* Login */,
				22966AF61891C0F800481EE1 /* Payment */,
				225604EB188DC6FD00F0B637 /* ProductDetailsViewController.h */,
				225604EC188DC6FD00F0B637 /* ProductDetailsViewController.m */,
				229C189C18903D1400B8DBD0 /* CheckoutViewController.h */,
				229C189D18903D1400B8DBD0 /* CheckoutViewController.m */,
			);
			name = Screens;
			path = "Honey on Sale/Screens";
			sourceTree = SOURCE_ROOT;
		};
		22560505188DDB4E00F0B637 /* MLPAccessoryBadge */ = {
			isa = PBXGroup;
			children = (
				22560506188DDB4F00F0B637 /* MLPAccessoryBadge.h */,
				22560507188DDB4F00F0B637 /* MLPAccessoryBadge.m */,
			);
			path = MLPAccessoryBadge;
			sourceTree = "<group>";
		};
		22966AEC18919D2900481EE1 /* CardIO */ = {
			isa = PBXGroup;
			children = (
				22966AED18919D2900481EE1 /* CardIO.h */,
				22966AEE18919D2900481EE1 /* CardIOCreditCardInfo.h */,
				22966AEF18919D2900481EE1 /* CardIOPaymentViewController.h */,
				22966AF018919D2900481EE1 /* CardIOPaymentViewControllerDelegate.h */,
				22966AF118919D2900481EE1 /* CardIOView.h */,
				22966AF218919D2900481EE1 /* CardIOViewDelegate.h */,
				22966AF318919D2900481EE1 /* libCardIO.a */,
			);
			path = CardIO;
			sourceTree = "<group>";
		};
		22966AF61891C0F800481EE1 /* Payment */ = {
			isa = PBXGroup;
			children = (
				22966AF71891C0F800481EE1 /* PaymentViewController.h */,
				22966AF81891C0F800481EE1 /* PaymentViewController.m */,
			);
			path = Payment;
			sourceTree = "<group>";
		};
		229C189F18903D2300B8DBD0 /* Login */ = {
			isa = PBXGroup;
			children = (
				225604FA188DCBC900F0B637 /* LoginScreenViewController.h */,
				225604FB188DCBC900F0B637 /* LoginScreenViewController.m */,
			);
			name = Login;
			sourceTree = "<group>";
		};
		229C18A018903D3800B8DBD0 /* Store */ = {
			isa = PBXGroup;
			children = (
				225604ED188DC6FD00F0B637 /* ProductTableViewCell.h */,
				225604EE188DC6FD00F0B637 /* ProductTableViewCell.m */,
				225604EF188DC6FD00F0B637 /* StoreViewController.h */,
				225604F0188DC6FD00F0B637 /* StoreViewController.m */,
			);
			name = Store;
			sourceTree = "<group>";
		};
		B2784A361860A4FB0057F064 = {
			isa = PBXGroup;
			children = (
				B2784A481860A4FB0057F064 /* Honey on Sale */,
				B2784A6D1860A4FC0057F064 /* Honey on SaleTests */,
				B2784A491860A4FC0057F064 /* Supporting Files */,
				B2084040189178F500A79D2C /* Default-568h@2x.png */,
				22966AEC18919D2900481EE1 /* CardIO */,
				B2784A411860A4FB0057F064 /* Frameworks */,
				B2784A401860A4FB0057F064 /* Products */,
			);
			sourceTree = "<group>";
		};
		B2784A401860A4FB0057F064 /* Products */ = {
			isa = PBXGroup;
			children = (
				B2784A3F1860A4FB0057F064 /* Honey on Sale.app */,
				B2784A661860A4FC0057F064 /* Honey on SaleTests.xctest */,
			);
			name = Products;
			sourceTree = "<group>";
		};
		B2784A411860A4FB0057F064 /* Frameworks */ = {
			isa = PBXGroup;
			children = (
				B208405318917E3300A79D2C /* CoreMedia.framework */,
				B208405118917E0A00A79D2C /* CoreVideo.framework */,
				B208404F18917BC700A79D2C /* OpenGLES.framework */,
				B208404D18917B8E00A79D2C /* AVFoundation.framework */,
				B2784A831883F8DF0057F064 /* PayMillSDK */,
				22560501188DD5D700F0B637 /* CoreData.framework */,
				225604B91876F87900F0B637 /* SystemConfiguration.framework */,
				225604B71876F87300F0B637 /* StoreKit.framework */,
				225604B51876F86C00F0B637 /* Security.framework */,
				225604B31876F86500F0B637 /* QuartzCore.framework */,
				225604B11876F85400F0B637 /* MobileCoreServices.framework */,
				225604AF1876F84D00F0B637 /* libz.1.1.3.dylib */,
				225604AD1876F84000F0B637 /* CoreLocation.framework */,
				225604AB1876F82B00F0B637 /* CFNetwork.framework */,
				225604A91876F82300F0B637 /* AudioToolbox.framework */,
				225604A71876EB1000F0B637 /* PayMillSDK.framework */,
				225604A51876EAFE00F0B637 /* Parse.framework */,
				B2784A9B18842CC20057F064 /* libxml2.dylib */,
				B2784A9918842C880057F064 /* SystemConfiguration.framework */,
				B2784A9718842C590057F064 /* CFNetwork.framework */,
				B2784A811883F8D70057F064 /* Parse.framework */,
				B2784A421860A4FB0057F064 /* Foundation.framework */,
				B2784A441860A4FB0057F064 /* CoreGraphics.framework */,
				B2784A461860A4FB0057F064 /* UIKit.framework */,
				B2784A671860A4FC0057F064 /* XCTest.framework */,
			);
			name = Frameworks;
			sourceTree = "<group>";
		};
		B2784A481860A4FB0057F064 /* Honey on Sale */ = {
			isa = PBXGroup;
			children = (
				225604D218848E9B00F0B637 /* BusinessLogic */,
				225604CD18848E8F00F0B637 /* MBProgressHUD */,
				22560505188DDB4E00F0B637 /* MLPAccessoryBadge */,
				225604E8188DC6FD00F0B637 /* Screens */,
				225604E11884A2EA00F0B637 /* Resources */,
			);
			path = "Honey on Sale";
			sourceTree = "<group>";
		};
		B2784A491860A4FC0057F064 /* Supporting Files */ = {
			isa = PBXGroup;
			children = (
				B2784A511860A4FC0057F064 /* AppDelegate.h */,
				B2784A521860A4FC0057F064 /* AppDelegate.m */,
				B2784A4A1860A4FC0057F064 /* Honey on Sale-Info.plist */,
				B2784A4B1860A4FC0057F064 /* InfoPlist.strings */,
				B2784A4E1860A4FC0057F064 /* main.m */,
				B2784A501860A4FC0057F064 /* Honey on Sale-Prefix.pch */,
				225604A31874866200F0B637 /* MainStoryBoard.storyboard */,
			);
			name = "Supporting Files";
			path = "Honey on Sale";
			sourceTree = "<group>";
		};
		B2784A6D1860A4FC0057F064 /* Honey on SaleTests */ = {
			isa = PBXGroup;
			children = (
				B2784A731860A4FC0057F064 /* Honey_on_SaleTests.m */,
				B2784A6E1860A4FC0057F064 /* Supporting Files */,
			);
			path = "Honey on SaleTests";
			sourceTree = "<group>";
		};
		B2784A6E1860A4FC0057F064 /* Supporting Files */ = {
			isa = PBXGroup;
			children = (
				B2784A6F1860A4FC0057F064 /* Honey on SaleTests-Info.plist */,
				B2784A701860A4FC0057F064 /* InfoPlist.strings */,
			);
			name = "Supporting Files";
			sourceTree = "<group>";
		};
		B2784A831883F8DF0057F064 /* PayMillSDK */ = {
			isa = PBXGroup;
			children = (
				B2784A841883F8DF0057F064 /* PayMillSDK.bundle */,
				B2784A851883F8DF0057F064 /* PayMillSDK.framework */,
			);
			path = PayMillSDK;
			sourceTree = "<group>";
		};
/* End PBXGroup section */

/* Begin PBXNativeTarget section */
		B2784A3E1860A4FB0057F064 /* Honey on Sale */ = {
			isa = PBXNativeTarget;
			buildConfigurationList = B2784A771860A4FC0057F064 /* Build configuration list for PBXNativeTarget "Honey on Sale" */;
			buildPhases = (
				B2784A3B1860A4FB0057F064 /* Sources */,
				B2784A3C1860A4FB0057F064 /* Frameworks */,
				B2784A3D1860A4FB0057F064 /* Resources */,
			);
			buildRules = (
			);
			dependencies = (
			);
			name = "Honey on Sale";
			productName = "Honey on Sale";
			productReference = B2784A3F1860A4FB0057F064 /* Honey on Sale.app */;
			productType = "com.apple.product-type.application";
		};
		B2784A651860A4FC0057F064 /* Honey on SaleTests */ = {
			isa = PBXNativeTarget;
			buildConfigurationList = B2784A7A1860A4FC0057F064 /* Build configuration list for PBXNativeTarget "Honey on SaleTests" */;
			buildPhases = (
				B2784A621860A4FC0057F064 /* Sources */,
				B2784A631860A4FC0057F064 /* Frameworks */,
				B2784A641860A4FC0057F064 /* Resources */,
			);
			buildRules = (
			);
			dependencies = (
				B2784A6C1860A4FC0057F064 /* PBXTargetDependency */,
			);
			name = "Honey on SaleTests";
			productName = "Honey on SaleTests";
			productReference = B2784A661860A4FC0057F064 /* Honey on SaleTests.xctest */;
			productType = "com.apple.product-type.bundle.unit-test";
		};
/* End PBXNativeTarget section */

/* Begin PBXProject section */
		B2784A371860A4FB0057F064 /* Project object */ = {
			isa = PBXProject;
			attributes = {
				LastUpgradeCheck = 0500;
				ORGANIZATIONNAME = "Vladimir Marinov";
				TargetAttributes = {
					B2784A651860A4FC0057F064 = {
						TestTargetID = B2784A3E1860A4FB0057F064;
					};
				};
			};
			buildConfigurationList = B2784A3A1860A4FB0057F064 /* Build configuration list for PBXProject "Honey on Sale" */;
			compatibilityVersion = "Xcode 3.2";
			developmentRegion = English;
			hasScannedForEncodings = 0;
			knownRegions = (
				en,
				Base,
			);
			mainGroup = B2784A361860A4FB0057F064;
			productRefGroup = B2784A401860A4FB0057F064 /* Products */;
			projectDirPath = "";
			projectRoot = "";
			targets = (
				B2784A3E1860A4FB0057F064 /* Honey on Sale */,
				B2784A651860A4FC0057F064 /* Honey on SaleTests */,
			);
		};
/* End PBXProject section */

/* Begin PBXResourcesBuildPhase section */
		B2784A3D1860A4FB0057F064 /* Resources */ = {
			isa = PBXResourcesBuildPhase;
			buildActionMask = 2147483647;
			files = (
				22560504188DD66000F0B637 /* PayMillSDK.bundle in Resources */,
				B2784A4D1860A4FC0057F064 /* InfoPlist.strings in Resources */,
				225604A41874866200F0B637 /* MainStoryBoard.storyboard in Resources */,
				225604E0188493A800F0B637 /* Default-568h@2x.png in Resources */,
				225604E41884A2EA00F0B637 /* product.png in Resources */,
				B2084041189178F500A79D2C /* Default-568h@2x.png in Resources */,
				225604E61884A2EA00F0B637 /* product@2x.png in Resources */,
				225604FF188DCF6600F0B637 /* honey-for-sale-sign.jpg in Resources */,
				22966AFB1891C2BB00481EE1 /* bee_icon.png in Resources */,
			);
			runOnlyForDeploymentPostprocessing = 0;
		};
		B2784A641860A4FC0057F064 /* Resources */ = {
			isa = PBXResourcesBuildPhase;
			buildActionMask = 2147483647;
			files = (
				B2784A721860A4FC0057F064 /* InfoPlist.strings in Resources */,
				225604E51884A2EA00F0B637 /* product.png in Resources */,
				225604E71884A2EA00F0B637 /* product@2x.png in Resources */,
				B2084042189178F500A79D2C /* Default-568h@2x.png in Resources */,
				22560500188DCF6600F0B637 /* honey-for-sale-sign.jpg in Resources */,
			);
			runOnlyForDeploymentPostprocessing = 0;
		};
/* End PBXResourcesBuildPhase section */

/* Begin PBXSourcesBuildPhase section */
		B2784A3B1860A4FB0057F064 /* Sources */ = {
			isa = PBXSourcesBuildPhase;
			buildActionMask = 2147483647;
			files = (
				B2784A531860A4FC0057F064 /* AppDelegate.m in Sources */,
				B2784A4F1860A4FC0057F064 /* main.m in Sources */,
				225604D018848E8F00F0B637 /* MBProgressHUD.m in Sources */,
				225604D918848E9B00F0B637 /* Product.m in Sources */,
				225604DD18848E9B00F0B637 /* StoreController.m in Sources */,
				225604F3188DC6FD00F0B637 /* ProductDetailsViewController.m in Sources */,
				225604F5188DC6FD00F0B637 /* ProductTableViewCell.m in Sources */,
				225604F7188DC6FD00F0B637 /* StoreViewController.m in Sources */,
				225604FC188DCBC900F0B637 /* LoginScreenViewController.m in Sources */,
				22560508188DDB4F00F0B637 /* MLPAccessoryBadge.m in Sources */,
				229C189E18903D1400B8DBD0 /* CheckoutViewController.m in Sources */,
				22966AF91891C0F800481EE1 /* PaymentViewController.m in Sources */,
			);
			runOnlyForDeploymentPostprocessing = 0;
		};
		B2784A621860A4FC0057F064 /* Sources */ = {
			isa = PBXSourcesBuildPhase;
			buildActionMask = 2147483647;
			files = (
				B2784A741860A4FC0057F064 /* Honey_on_SaleTests.m in Sources */,
				225604D118848E8F00F0B637 /* MBProgressHUD.m in Sources */,
				225604DA18848E9B00F0B637 /* Product.m in Sources */,
				225604DE18848E9B00F0B637 /* StoreController.m in Sources */,
				225604F4188DC6FD00F0B637 /* ProductDetailsViewController.m in Sources */,
				225604F6188DC6FD00F0B637 /* ProductTableViewCell.m in Sources */,
				225604F8188DC6FD00F0B637 /* StoreViewController.m in Sources */,
				225604FD188DCBC900F0B637 /* LoginScreenViewController.m in Sources */,
				22560509188DDB4F00F0B637 /* MLPAccessoryBadge.m in Sources */,
				22966AFA1891C0F800481EE1 /* PaymentViewController.m in Sources */,
			);
			runOnlyForDeploymentPostprocessing = 0;
		};
/* End PBXSourcesBuildPhase section */

/* Begin PBXTargetDependency section */
		B2784A6C1860A4FC0057F064 /* PBXTargetDependency */ = {
			isa = PBXTargetDependency;
			target = B2784A3E1860A4FB0057F064 /* Honey on Sale */;
			targetProxy = B2784A6B1860A4FC0057F064 /* PBXContainerItemProxy */;
		};
/* End PBXTargetDependency section */

/* Begin PBXVariantGroup section */
		B2784A4B1860A4FC0057F064 /* InfoPlist.strings */ = {
			isa = PBXVariantGroup;
			children = (
				B2784A4C1860A4FC0057F064 /* en */,
			);
			name = InfoPlist.strings;
			sourceTree = "<group>";
		};
		B2784A701860A4FC0057F064 /* InfoPlist.strings */ = {
			isa = PBXVariantGroup;
			children = (
				B2784A711860A4FC0057F064 /* en */,
			);
			name = InfoPlist.strings;
			sourceTree = "<group>";
		};
/* End PBXVariantGroup section */

/* Begin XCBuildConfiguration section */
		B2784A751860A4FC0057F064 /* Debug */ = {
			isa = XCBuildConfiguration;
			buildSettings = {
				ALWAYS_SEARCH_USER_PATHS = NO;
				ARCHS = "$(ARCHS_STANDARD_INCLUDING_64_BIT)";
				CLANG_CXX_LANGUAGE_STANDARD = "gnu++0x";
				CLANG_CXX_LIBRARY = "libc++";
				CLANG_ENABLE_MODULES = YES;
				CLANG_ENABLE_OBJC_ARC = YES;
				CLANG_WARN_BOOL_CONVERSION = YES;
				CLANG_WARN_CONSTANT_CONVERSION = YES;
				CLANG_WARN_DIRECT_OBJC_ISA_USAGE = YES_ERROR;
				CLANG_WARN_EMPTY_BODY = YES;
				CLANG_WARN_ENUM_CONVERSION = YES;
				CLANG_WARN_INT_CONVERSION = YES;
				CLANG_WARN_OBJC_ROOT_CLASS = YES_ERROR;
				CLANG_WARN__DUPLICATE_METHOD_MATCH = YES;
				"CODE_SIGN_IDENTITY[sdk=iphoneos*]" = "iPhone Developer";
				COPY_PHASE_STRIP = NO;
				GCC_C_LANGUAGE_STANDARD = gnu99;
				GCC_DYNAMIC_NO_PIC = NO;
				GCC_OPTIMIZATION_LEVEL = 0;
				GCC_PREPROCESSOR_DEFINITIONS = (
					"DEBUG=1",
					"$(inherited)",
				);
				GCC_SYMBOLS_PRIVATE_EXTERN = NO;
				GCC_WARN_64_TO_32_BIT_CONVERSION = YES;
				GCC_WARN_ABOUT_RETURN_TYPE = YES_ERROR;
				GCC_WARN_UNDECLARED_SELECTOR = YES;
				GCC_WARN_UNINITIALIZED_AUTOS = YES;
				GCC_WARN_UNUSED_FUNCTION = YES;
				GCC_WARN_UNUSED_VARIABLE = YES;
				IPHONEOS_DEPLOYMENT_TARGET = 6.1;
				ONLY_ACTIVE_ARCH = YES;
				SDKROOT = iphoneos6.1;
				TARGETED_DEVICE_FAMILY = "1,2";
			};
			name = Debug;
		};
		B2784A761860A4FC0057F064 /* Release */ = {
			isa = XCBuildConfiguration;
			buildSettings = {
				ALWAYS_SEARCH_USER_PATHS = NO;
				ARCHS = "$(ARCHS_STANDARD_INCLUDING_64_BIT)";
				CLANG_CXX_LANGUAGE_STANDARD = "gnu++0x";
				CLANG_CXX_LIBRARY = "libc++";
				CLANG_ENABLE_MODULES = YES;
				CLANG_ENABLE_OBJC_ARC = YES;
				CLANG_WARN_BOOL_CONVERSION = YES;
				CLANG_WARN_CONSTANT_CONVERSION = YES;
				CLANG_WARN_DIRECT_OBJC_ISA_USAGE = YES_ERROR;
				CLANG_WARN_EMPTY_BODY = YES;
				CLANG_WARN_ENUM_CONVERSION = YES;
				CLANG_WARN_INT_CONVERSION = YES;
				CLANG_WARN_OBJC_ROOT_CLASS = YES_ERROR;
				CLANG_WARN__DUPLICATE_METHOD_MATCH = YES;
				"CODE_SIGN_IDENTITY[sdk=iphoneos*]" = "iPhone Developer";
				COPY_PHASE_STRIP = YES;
				ENABLE_NS_ASSERTIONS = NO;
				GCC_C_LANGUAGE_STANDARD = gnu99;
				GCC_WARN_64_TO_32_BIT_CONVERSION = YES;
				GCC_WARN_ABOUT_RETURN_TYPE = YES_ERROR;
				GCC_WARN_UNDECLARED_SELECTOR = YES;
				GCC_WARN_UNINITIALIZED_AUTOS = YES;
				GCC_WARN_UNUSED_FUNCTION = YES;
				GCC_WARN_UNUSED_VARIABLE = YES;
				IPHONEOS_DEPLOYMENT_TARGET = 6.1;
				SDKROOT = iphoneos6.1;
				TARGETED_DEVICE_FAMILY = "1,2";
				VALIDATE_PRODUCT = YES;
			};
			name = Release;
		};
		B2784A781860A4FC0057F064 /* Debug */ = {
			isa = XCBuildConfiguration;
			buildSettings = {
				FRAMEWORK_SEARCH_PATHS = (
					"$(inherited)",
					"\"$(SRCROOT)\"",
					"\"$(SRCROOT)/PayMillSDK\"",
					"/Users/Lupo/Documents/Projects/Honey\\ on\\ Sale",
					"/Users/Lupo/Documents/Projects/Honey\\ on\\ Sale/PayMillSDK",
				);
				GCC_PRECOMPILE_PREFIX_HEADER = YES;
				GCC_PREFIX_HEADER = "Honey on Sale/Honey on Sale-Prefix.pch";
				INFOPLIST_FILE = "Honey on Sale/Honey on Sale-Info.plist";
				LIBRARY_SEARCH_PATHS = (
					"$(inherited)",
					"/Users/Lupo/Documents/Projects/Honey\\ on\\ Sale/CardIO",
					"\"$(SRCROOT)/CardIO\"",
				);
				OTHER_LDFLAGS = "-lc++";
				PRODUCT_NAME = "$(TARGET_NAME)";
				WRAPPER_EXTENSION = app;
			};
			name = Debug;
		};
		B2784A791860A4FC0057F064 /* Release */ = {
			isa = XCBuildConfiguration;
			buildSettings = {
				FRAMEWORK_SEARCH_PATHS = (
					"$(inherited)",
					"\"$(SRCROOT)\"",
					"\"$(SRCROOT)/PayMillSDK\"",
					"/Users/Lupo/Documents/Projects/Honey\\ on\\ Sale",
					"/Users/Lupo/Documents/Projects/Honey\\ on\\ Sale/PayMillSDK",
				);
				GCC_PRECOMPILE_PREFIX_HEADER = YES;
				GCC_PREFIX_HEADER = "Honey on Sale/Honey on Sale-Prefix.pch";
				INFOPLIST_FILE = "Honey on Sale/Honey on Sale-Info.plist";
				LIBRARY_SEARCH_PATHS = (
					"$(inherited)",
					"/Users/Lupo/Documents/Projects/Honey\\ on\\ Sale/CardIO",
					"\"$(SRCROOT)/CardIO\"",
				);
				OTHER_LDFLAGS = "-lc++";
				PRODUCT_NAME = "$(TARGET_NAME)";
				WRAPPER_EXTENSION = app;
			};
			name = Release;
		};
		B2784A7B1860A4FC0057F064 /* Debug */ = {
			isa = XCBuildConfiguration;
			buildSettings = {
				ARCHS = "$(ARCHS_STANDARD_INCLUDING_64_BIT)";
				BUNDLE_LOADER = "$(BUILT_PRODUCTS_DIR)/Honey on Sale.app/Honey on Sale";
				FRAMEWORK_SEARCH_PATHS = (
					"$(SDKROOT)/Developer/Library/Frameworks",
					"$(inherited)",
					"$(DEVELOPER_FRAMEWORKS_DIR)",
				);
				GCC_PRECOMPILE_PREFIX_HEADER = YES;
				GCC_PREFIX_HEADER = "Honey on Sale/Honey on Sale-Prefix.pch";
				GCC_PREPROCESSOR_DEFINITIONS = (
					"DEBUG=1",
					"$(inherited)",
				);
				INFOPLIST_FILE = "Honey on SaleTests/Honey on SaleTests-Info.plist";
				LIBRARY_SEARCH_PATHS = (
					"$(inherited)",
					"/Users/Lupo/Documents/Projects/Honey\\ on\\ Sale/CardIO",
					"\"$(SRCROOT)/CardIO\"",
				);
				PRODUCT_NAME = "$(TARGET_NAME)";
				TEST_HOST = "$(BUNDLE_LOADER)";
				WRAPPER_EXTENSION = xctest;
			};
			name = Debug;
		};
		B2784A7C1860A4FC0057F064 /* Release */ = {
			isa = XCBuildConfiguration;
			buildSettings = {
				ARCHS = "$(ARCHS_STANDARD_INCLUDING_64_BIT)";
				BUNDLE_LOADER = "$(BUILT_PRODUCTS_DIR)/Honey on Sale.app/Honey on Sale";
				FRAMEWORK_SEARCH_PATHS = (
					"$(SDKROOT)/Developer/Library/Frameworks",
					"$(inherited)",
					"$(DEVELOPER_FRAMEWORKS_DIR)",
				);
				GCC_PRECOMPILE_PREFIX_HEADER = YES;
				GCC_PREFIX_HEADER = "Honey on Sale/Honey on Sale-Prefix.pch";
				INFOPLIST_FILE = "Honey on SaleTests/Honey on SaleTests-Info.plist";
				LIBRARY_SEARCH_PATHS = (
					"$(inherited)",
					"/Users/Lupo/Documents/Projects/Honey\\ on\\ Sale/CardIO",
					"\"$(SRCROOT)/CardIO\"",
				);
				PRODUCT_NAME = "$(TARGET_NAME)";
				TEST_HOST = "$(BUNDLE_LOADER)";
				WRAPPER_EXTENSION = xctest;
			};
			name = Release;
		};
/* End XCBuildConfiguration section */

/* Begin XCConfigurationList section */
		B2784A3A1860A4FB0057F064 /* Build configuration list for PBXProject "Honey on Sale" */ = {
			isa = XCConfigurationList;
			buildConfigurations = (
				B2784A751860A4FC0057F064 /* Debug */,
				B2784A761860A4FC0057F064 /* Release */,
			);
			defaultConfigurationIsVisible = 0;
			defaultConfigurationName = Release;
		};
		B2784A771860A4FC0057F064 /* Build configuration list for PBXNativeTarget "Honey on Sale" */ = {
			isa = XCConfigurationList;
			buildConfigurations = (
				B2784A781860A4FC0057F064 /* Debug */,
				B2784A791860A4FC0057F064 /* Release */,
			);
			defaultConfigurationIsVisible = 0;
			defaultConfigurationName = Release;
		};
		B2784A7A1860A4FC0057F064 /* Build configuration list for PBXNativeTarget "Honey on SaleTests" */ = {
			isa = XCConfigurationList;
			buildConfigurations = (
				B2784A7B1860A4FC0057F064 /* Debug */,
				B2784A7C1860A4FC0057F064 /* Release */,
			);
			defaultConfigurationIsVisible = 0;
			defaultConfigurationName = Release;
		};
/* End XCConfigurationList section */
	};
	rootObject = B2784A371860A4FB0057F064 /* Project object */;
}
