PODS:
  - CardIO (3.4.4)
  - Facebook-iOS-SDK (3.12.0)
  - MBProgressHUD (0.8)
  - Parse (1.2.18):
    - Facebook-iOS-SDK (~> 3.11)
  - PayMillSDK (1.0.3)

DEPENDENCIES:
  - CardIO (~> 3.4.4)
  - MBProgressHUD (~> 0.8)
  - Parse (~> 1.2.18)
  - PayMillSDK (~> 1.0.3)

SPEC CHECKSUMS:
  CardIO: db776837e0b7de51626af2a518d140bcc30cf9e0
  Facebook-iOS-SDK: c09f7d80db5c48170ff834bc03ebe774c49d1f5b
  MBProgressHUD: 2bbc6f470111daf7f3eaa4eb12b8cbf01c4c0622
  Parse: 6dd57f2af9f89dc6facc755cec4e96f8b739b1fb
  PayMillSDK: 4934223486e3c3695803092a8e5fe81a7f903455

COCOAPODS: 0.29.0
