// !$*UTF8*$!
{
	archiveVersion = 1;
	classes = {
	};
	objectVersion = 46;
	objects = {

/* Begin PBXBuildFile section */
		225604AA1876F82300F0B637 /* AudioToolbox.framework in Frameworks */ = {isa = PBXBuildFile; fileRef = 225604A91876F82300F0B637 /* AudioToolbox.framework */; };
		225604AC1876F82B00F0B637 /* CFNetwork.framework in Frameworks */ = {isa = PBXBuildFile; fileRef = 225604AB1876F82B00F0B637 /* CFNetwork.framework */; };
		225604AE1876F84000F0B637 /* CoreLocation.framework in Frameworks */ = {isa = PBXBuildFile; fileRef = 225604AD1876F84000F0B637 /* CoreLocation.framework */; };
		225604B01876F84D00F0B637 /* libz.1.1.3.dylib in Frameworks */ = {isa = PBXBuildFile; fileRef = 225604AF1876F84D00F0B637 /* libz.1.1.3.dylib */; };
		225604B21876F85400F0B637 /* MobileCoreServices.framework in Frameworks */ = {isa = PBXBuildFile; fileRef = 225604B11876F85400F0B637 /* MobileCoreServices.framework */; };
		225604B41876F86500F0B637 /* QuartzCore.framework in Frameworks */ = {isa = PBXBuildFile; fileRef = 225604B31876F86500F0B637 /* QuartzCore.framework */; };
		225604B61876F86C00F0B637 /* Security.framework in Frameworks */ = {isa = PBXBuildFile; fileRef = 225604B51876F86C00F0B637 /* Security.framework */; };
		225604B81876F87300F0B637 /* StoreKit.framework in Frameworks */ = {isa = PBXBuildFile; fileRef = 225604B71876F87300F0B637 /* StoreKit.framework */; };
		225604BA1876F87900F0B637 /* SystemConfiguration.framework in Frameworks */ = {isa = PBXBuildFile; fileRef = 225604B91876F87900F0B637 /* SystemConfiguration.framework */; };
		22560502188DD5D700F0B637 /* CoreData.framework in Frameworks */ = {isa = PBXBuildFile; fileRef = 22560501188DD5D700F0B637 /* CoreData.framework */; };
		2287C80D18AE56BE00F406AA /* PMLProduct.m in Sources */ = {isa = PBXBuildFile; fileRef = 2287C7EC18AE56BE00F406AA /* PMLProduct.m */; };
		2287C80E18AE56BE00F406AA /* PMLStoreController.m in Sources */ = {isa = PBXBuildFile; fileRef = 2287C7EE18AE56BE00F406AA /* PMLStoreController.m */; };
		2287C81518AE56BE00F406AA /* honey-for-sale-sign.jpg in Resources */ = {isa = PBXBuildFile; fileRef = 2287C7FA18AE56BE00F406AA /* honey-for-sale-sign.jpg */; };
		2287C81618AE56BE00F406AA /* product.png in Resources */ = {isa = PBXBuildFile; fileRef = 2287C7FB18AE56BE00F406AA /* product.png */; };
		2287C81718AE56BE00F406AA /* product@2x.png in Resources */ = {isa = PBXBuildFile; fileRef = 2287C7FC18AE56BE00F406AA /* product@2x.png */; };
		2287C81818AE56BE00F406AA /* PMLCheckoutViewController.m in Sources */ = {isa = PBXBuildFile; fileRef = 2287C7FF18AE56BE00F406AA /* PMLCheckoutViewController.m */; };
		2287C81918AE56BE00F406AA /* PMLDefaultViewController.m in Sources */ = {isa = PBXBuildFile; fileRef = 2287C80118AE56BE00F406AA /* PMLDefaultViewController.m */; };
		2287C81A18AE56BE00F406AA /* PMLPaymentViewController.m in Sources */ = {isa = PBXBuildFile; fileRef = 2287C80418AE56BE00F406AA /* PMLPaymentViewController.m */; };
		2287C81B18AE56BE00F406AA /* PMLProductDetailsViewController.m in Sources */ = {isa = PBXBuildFile; fileRef = 2287C80618AE56BE00F406AA /* PMLProductDetailsViewController.m */; };
		2287C81C18AE56BE00F406AA /* PMLProductTableViewCell.m in Sources */ = {isa = PBXBuildFile; fileRef = 2287C80818AE56BE00F406AA /* PMLProductTableViewCell.m */; };
		2287C81D18AE56BE00F406AA /* PMLStoreViewController.m in Sources */ = {isa = PBXBuildFile; fileRef = 2287C80A18AE56BE00F406AA /* PMLStoreViewController.m */; };
		2287C82018AE576300F406AA /* AppDelegate.m in Sources */ = {isa = PBXBuildFile; fileRef = 2287C81F18AE576300F406AA /* AppDelegate.m */; };
		2287C82618AE578000F406AA /* main.m in Sources */ = {isa = PBXBuildFile; fileRef = 2287C82318AE578000F406AA /* main.m */; };
		2287C82718AE578000F406AA /* MainStoryBoard.storyboard in Resources */ = {isa = PBXBuildFile; fileRef = 2287C82418AE578000F406AA /* MainStoryBoard.storyboard */; };
		2287C82A18AE57E700F406AA /* InfoPlist.strings in Resources */ = {isa = PBXBuildFile; fileRef = 2287C82818AE57E700F406AA /* InfoPlist.strings */; };
		2287C82E18AF98FA00F406AA /* PMLAccessoryBadge.m in Sources */ = {isa = PBXBuildFile; fileRef = 2287C82D18AF98FA00F406AA /* PMLAccessoryBadge.m */; };
		2287C85418AFD9F000F406AA /* Parse.framework in Frameworks */ = {isa = PBXBuildFile; fileRef = 2287C85218AFD9D400F406AA /* Parse.framework */; };
		2287C85818AFDA1700F406AA /* PayMillSDK.framework in Frameworks */ = {isa = PBXBuildFile; fileRef = 2287C85718AFDA1700F406AA /* PayMillSDK.framework */; };
		2287C85A18AFDA3600F406AA /* MBProgressHUD.m in Sources */ = {isa = PBXBuildFile; fileRef = 2287C85918AFDA3600F406AA /* MBProgressHUD.m */; };
		2287C85C18AFDA5B00F406AA /* libCardIO.a in Frameworks */ = {isa = PBXBuildFile; fileRef = 2287C85B18AFDA5B00F406AA /* libCardIO.a */; };
		2287C86218AFE1EC00F406AA /* libPods-Facebook-iOS-SDK.a in Frameworks */ = {isa = PBXBuildFile; fileRef = 2287C86118AFE1EC00F406AA /* libPods-Facebook-iOS-SDK.a */; };
		B2084041189178F500A79D2C /* Default-568h@2x.png in Resources */ = {isa = PBXBuildFile; fileRef = B2084040189178F500A79D2C /* Default-568h@2x.png */; };
		B208404E18917B8E00A79D2C /* AVFoundation.framework in Frameworks */ = {isa = PBXBuildFile; fileRef = B208404D18917B8E00A79D2C /* AVFoundation.framework */; };
		B208405018917BC700A79D2C /* OpenGLES.framework in Frameworks */ = {isa = PBXBuildFile; fileRef = B208404F18917BC700A79D2C /* OpenGLES.framework */; };
		B208405218917E0A00A79D2C /* CoreVideo.framework in Frameworks */ = {isa = PBXBuildFile; fileRef = B208405118917E0A00A79D2C /* CoreVideo.framework */; };
		B208405418917E3300A79D2C /* CoreMedia.framework in Frameworks */ = {isa = PBXBuildFile; fileRef = B208405318917E3300A79D2C /* CoreMedia.framework */; };
		B2784A431860A4FB0057F064 /* Foundation.framework in Frameworks */ = {isa = PBXBuildFile; fileRef = B2784A421860A4FB0057F064 /* Foundation.framework */; };
		B2784A451860A4FB0057F064 /* CoreGraphics.framework in Frameworks */ = {isa = PBXBuildFile; fileRef = B2784A441860A4FB0057F064 /* CoreGraphics.framework */; };
		B2784A471860A4FB0057F064 /* UIKit.framework in Frameworks */ = {isa = PBXBuildFile; fileRef = B2784A461860A4FB0057F064 /* UIKit.framework */; };
		B2784A9818842C590057F064 /* CFNetwork.framework in Frameworks */ = {isa = PBXBuildFile; fileRef = B2784A9718842C590057F064 /* CFNetwork.framework */; };
		B2784A9A18842C890057F064 /* SystemConfiguration.framework in Frameworks */ = {isa = PBXBuildFile; fileRef = B2784A9918842C880057F064 /* SystemConfiguration.framework */; };
/* End PBXBuildFile section */

/* Begin PBXFileReference section */
		083063FBD07C4CD1AE4A7EA8 /* Pods.xcconfig */ = {isa = PBXFileReference; includeInIndex = 1; lastKnownFileType = text.xcconfig; name = Pods.xcconfig; path = Pods/Pods.xcconfig; sourceTree = "<group>"; };
		225604A91876F82300F0B637 /* AudioToolbox.framework */ = {isa = PBXFileReference; lastKnownFileType = wrapper.framework; name = AudioToolbox.framework; path = System/Library/Frameworks/AudioToolbox.framework; sourceTree = SDKROOT; };
		225604AB1876F82B00F0B637 /* CFNetwork.framework */ = {isa = PBXFileReference; lastKnownFileType = wrapper.framework; name = CFNetwork.framework; path = System/Library/Frameworks/CFNetwork.framework; sourceTree = SDKROOT; };
		225604AD1876F84000F0B637 /* CoreLocation.framework */ = {isa = PBXFileReference; lastKnownFileType = wrapper.framework; name = CoreLocation.framework; path = System/Library/Frameworks/CoreLocation.framework; sourceTree = SDKROOT; };
		225604AF1876F84D00F0B637 /* libz.1.1.3.dylib */ = {isa = PBXFileReference; lastKnownFileType = "compiled.mach-o.dylib"; name = libz.1.1.3.dylib; path = usr/lib/libz.1.1.3.dylib; sourceTree = SDKROOT; };
		225604B11876F85400F0B637 /* MobileCoreServices.framework */ = {isa = PBXFileReference; lastKnownFileType = wrapper.framework; name = MobileCoreServices.framework; path = System/Library/Frameworks/MobileCoreServices.framework; sourceTree = SDKROOT; };
		225604B31876F86500F0B637 /* QuartzCore.framework */ = {isa = PBXFileReference; lastKnownFileType = wrapper.framework; name = QuartzCore.framework; path = System/Library/Frameworks/QuartzCore.framework; sourceTree = SDKROOT; };
		225604B51876F86C00F0B637 /* Security.framework */ = {isa = PBXFileReference; lastKnownFileType = wrapper.framework; name = Security.framework; path = System/Library/Frameworks/Security.framework; sourceTree = SDKROOT; };
		225604B71876F87300F0B637 /* StoreKit.framework */ = {isa = PBXFileReference; lastKnownFileType = wrapper.framework; name = StoreKit.framework; path = System/Library/Frameworks/StoreKit.framework; sourceTree = SDKROOT; };
		225604B91876F87900F0B637 /* SystemConfiguration.framework */ = {isa = PBXFileReference; lastKnownFileType = wrapper.framework; name = SystemConfiguration.framework; path = System/Library/Frameworks/SystemConfiguration.framework; sourceTree = SDKROOT; };
		22560501188DD5D700F0B637 /* CoreData.framework */ = {isa = PBXFileReference; lastKnownFileType = wrapper.framework; name = CoreData.framework; path = System/Library/Frameworks/CoreData.framework; sourceTree = SDKROOT; };
		2287C7EB18AE56BE00F406AA /* PMLProduct.h */ = {isa = PBXFileReference; fileEncoding = 4; lastKnownFileType = sourcecode.c.h; path = PMLProduct.h; sourceTree = "<group>"; };
		2287C7EC18AE56BE00F406AA /* PMLProduct.m */ = {isa = PBXFileReference; fileEncoding = 4; lastKnownFileType = sourcecode.c.objc; path = PMLProduct.m; sourceTree = "<group>"; };
		2287C7ED18AE56BE00F406AA /* PMLStoreController.h */ = {isa = PBXFileReference; fileEncoding = 4; lastKnownFileType = sourcecode.c.h; path = PMLStoreController.h; sourceTree = "<group>"; };
		2287C7EE18AE56BE00F406AA /* PMLStoreController.m */ = {isa = PBXFileReference; fileEncoding = 4; lastKnownFileType = sourcecode.c.objc; path = PMLStoreController.m; sourceTree = "<group>"; };
		2287C7FA18AE56BE00F406AA /* honey-for-sale-sign.jpg */ = {isa = PBXFileReference; lastKnownFileType = image.jpeg; path = "honey-for-sale-sign.jpg"; sourceTree = "<group>"; };
		2287C7FB18AE56BE00F406AA /* product.png */ = {isa = PBXFileReference; lastKnownFileType = image.png; path = product.png; sourceTree = "<group>"; };
		2287C7FC18AE56BE00F406AA /* product@2x.png */ = {isa = PBXFileReference; lastKnownFileType = image.png; path = "product@2x.png"; sourceTree = "<group>"; };
		2287C7FE18AE56BE00F406AA /* PMLCheckoutViewController.h */ = {isa = PBXFileReference; fileEncoding = 4; lastKnownFileType = sourcecode.c.h; path = PMLCheckoutViewController.h; sourceTree = "<group>"; };
		2287C7FF18AE56BE00F406AA /* PMLCheckoutViewController.m */ = {isa = PBXFileReference; fileEncoding = 4; lastKnownFileType = sourcecode.c.objc; path = PMLCheckoutViewController.m; sourceTree = "<group>"; };
		2287C80018AE56BE00F406AA /* PMLDefaultViewController.h */ = {isa = PBXFileReference; fileEncoding = 4; lastKnownFileType = sourcecode.c.h; path = PMLDefaultViewController.h; sourceTree = "<group>"; };
		2287C80118AE56BE00F406AA /* PMLDefaultViewController.m */ = {isa = PBXFileReference; fileEncoding = 4; lastKnownFileType = sourcecode.c.objc; path = PMLDefaultViewController.m; sourceTree = "<group>"; };
		2287C80318AE56BE00F406AA /* PMLPaymentViewController.h */ = {isa = PBXFileReference; fileEncoding = 4; lastKnownFileType = sourcecode.c.h; path = PMLPaymentViewController.h; sourceTree = "<group>"; };
		2287C80418AE56BE00F406AA /* PMLPaymentViewController.m */ = {isa = PBXFileReference; fileEncoding = 4; lastKnownFileType = sourcecode.c.objc; path = PMLPaymentViewController.m; sourceTree = "<group>"; };
		2287C80518AE56BE00F406AA /* PMLProductDetailsViewController.h */ = {isa = PBXFileReference; fileEncoding = 4; lastKnownFileType = sourcecode.c.h; path = PMLProductDetailsViewController.h; sourceTree = "<group>"; };
		2287C80618AE56BE00F406AA /* PMLProductDetailsViewController.m */ = {isa = PBXFileReference; fileEncoding = 4; lastKnownFileType = sourcecode.c.objc; path = PMLProductDetailsViewController.m; sourceTree = "<group>"; };
		2287C80718AE56BE00F406AA /* PMLProductTableViewCell.h */ = {isa = PBXFileReference; fileEncoding = 4; lastKnownFileType = sourcecode.c.h; path = PMLProductTableViewCell.h; sourceTree = "<group>"; };
		2287C80818AE56BE00F406AA /* PMLProductTableViewCell.m */ = {isa = PBXFileReference; fileEncoding = 4; lastKnownFileType = sourcecode.c.objc; path = PMLProductTableViewCell.m; sourceTree = "<group>"; };
		2287C80918AE56BE00F406AA /* PMLStoreViewController.h */ = {isa = PBXFileReference; fileEncoding = 4; lastKnownFileType = sourcecode.c.h; path = PMLStoreViewController.h; sourceTree = "<group>"; };
		2287C80A18AE56BE00F406AA /* PMLStoreViewController.m */ = {isa = PBXFileReference; fileEncoding = 4; lastKnownFileType = sourcecode.c.objc; path = PMLStoreViewController.m; sourceTree = "<group>"; };
		2287C81E18AE576300F406AA /* AppDelegate.h */ = {isa = PBXFileReference; fileEncoding = 4; lastKnownFileType = sourcecode.c.h; name = AppDelegate.h; path = HoneyStore/AppDelegate.h; sourceTree = SOURCE_ROOT; };
		2287C81F18AE576300F406AA /* AppDelegate.m */ = {isa = PBXFileReference; fileEncoding = 4; lastKnownFileType = sourcecode.c.objc; name = AppDelegate.m; path = HoneyStore/AppDelegate.m; sourceTree = SOURCE_ROOT; };
		2287C82118AE578000F406AA /* PAYMILL HoneyStore-Info.plist */ = {isa = PBXFileReference; fileEncoding = 4; lastKnownFileType = text.plist.xml; name = "PAYMILL HoneyStore-Info.plist"; path = "HoneyStore/PAYMILL HoneyStore-Info.plist"; sourceTree = SOURCE_ROOT; };
		2287C82218AE578000F406AA /* PAYMILL HoneyStore-Prefix.pch */ = {isa = PBXFileReference; fileEncoding = 4; lastKnownFileType = sourcecode.c.h; name = "PAYMILL HoneyStore-Prefix.pch"; path = "HoneyStore/PAYMILL HoneyStore-Prefix.pch"; sourceTree = SOURCE_ROOT; };
		2287C82318AE578000F406AA /* main.m */ = {isa = PBXFileReference; fileEncoding = 4; lastKnownFileType = sourcecode.c.objc; name = main.m; path = HoneyStore/main.m; sourceTree = SOURCE_ROOT; };
		2287C82418AE578000F406AA /* MainStoryBoard.storyboard */ = {isa = PBXFileReference; fileEncoding = 4; lastKnownFileType = file.storyboard; name = MainStoryBoard.storyboard; path = HoneyStore/MainStoryBoard.storyboard; sourceTree = SOURCE_ROOT; };
		2287C82918AE57E700F406AA /* en */ = {isa = PBXFileReference; lastKnownFileType = text.plist.strings; name = en; path = HoneyStore/en.lproj/InfoPlist.strings; sourceTree = SOURCE_ROOT; };
		2287C82C18AF98FA00F406AA /* PMLAccessoryBadge.h */ = {isa = PBXFileReference; fileEncoding = 4; lastKnownFileType = sourcecode.c.h; path = PMLAccessoryBadge.h; sourceTree = "<group>"; };
		2287C82D18AF98FA00F406AA /* PMLAccessoryBadge.m */ = {isa = PBXFileReference; fileEncoding = 4; lastKnownFileType = sourcecode.c.objc; path = PMLAccessoryBadge.m; sourceTree = "<group>"; };
		2287C85218AFD9D400F406AA /* Parse.framework */ = {isa = PBXFileReference; lastKnownFileType = wrapper.framework; path = Parse.framework; sourceTree = "<group>"; };
		2287C85318AFD9D400F406AA /* README.md */ = {isa = PBXFileReference; lastKnownFileType = text; path = README.md; sourceTree = "<group>"; };
		2287C85518AFDA0300F406AA /* MBProgressHUD.m */ = {isa = PBXFileReference; lastKnownFileType = sourcecode.c.objc; name = MBProgressHUD.m; path = Pods/MBProgressHUD/MBProgressHUD.m; sourceTree = "<group>"; };
		2287C85718AFDA1700F406AA /* PayMillSDK.framework */ = {isa = PBXFileReference; lastKnownFileType = wrapper.framework; name = PayMillSDK.framework; path = Pods/PayMillSDK/samples/vouchermill/PayMillSDK/PayMillSDK.framework; sourceTree = "<group>"; };
		2287C85918AFDA3600F406AA /* MBProgressHUD.m */ = {isa = PBXFileReference; lastKnownFileType = sourcecode.c.objc; name = MBProgressHUD.m; path = Pods/MBProgressHUD/MBProgressHUD.m; sourceTree = "<group>"; };
		2287C85B18AFDA5B00F406AA /* libCardIO.a */ = {isa = PBXFileReference; lastKnownFileType = archive.ar; name = libCardIO.a; path = Pods/CardIO/CardIO/libCardIO.a; sourceTree = "<group>"; };
		2287C86118AFE1EC00F406AA /* libPods-Facebook-iOS-SDK.a */ = {isa = PBXFileReference; lastKnownFileType = archive.ar; name = "libPods-Facebook-iOS-SDK.a"; path = "DerivedData/HoneyStore/Build/Products/Debug-iphonesimulator/libPods-Facebook-iOS-SDK.a"; sourceTree = "<group>"; };
		B2084040189178F500A79D2C /* Default-568h@2x.png */ = {isa = PBXFileReference; lastKnownFileType = image.png; name = "Default-568h@2x.png"; path = "../../Default-568h@2x.png"; sourceTree = "<group>"; };
		B208404D18917B8E00A79D2C /* AVFoundation.framework */ = {isa = PBXFileReference; lastKnownFileType = wrapper.framework; name = AVFoundation.framework; path = System/Library/Frameworks/AVFoundation.framework; sourceTree = SDKROOT; };
		B208404F18917BC700A79D2C /* OpenGLES.framework */ = {isa = PBXFileReference; lastKnownFileType = wrapper.framework; name = OpenGLES.framework; path = System/Library/Frameworks/OpenGLES.framework; sourceTree = SDKROOT; };
		B208405118917E0A00A79D2C /* CoreVideo.framework */ = {isa = PBXFileReference; lastKnownFileType = wrapper.framework; name = CoreVideo.framework; path = System/Library/Frameworks/CoreVideo.framework; sourceTree = SDKROOT; };
		B208405318917E3300A79D2C /* CoreMedia.framework */ = {isa = PBXFileReference; lastKnownFileType = wrapper.framework; name = CoreMedia.framework; path = System/Library/Frameworks/CoreMedia.framework; sourceTree = SDKROOT; };
		B2784A3F1860A4FB0057F064 /* PAYMILL HoneyStore.app */ = {isa = PBXFileReference; explicitFileType = wrapper.application; includeInIndex = 0; path = "PAYMILL HoneyStore.app"; sourceTree = BUILT_PRODUCTS_DIR; };
		B2784A421860A4FB0057F064 /* Foundation.framework */ = {isa = PBXFileReference; lastKnownFileType = wrapper.framework; name = Foundation.framework; path = System/Library/Frameworks/Foundation.framework; sourceTree = SDKROOT; };
		B2784A441860A4FB0057F064 /* CoreGraphics.framework */ = {isa = PBXFileReference; lastKnownFileType = wrapper.framework; name = CoreGraphics.framework; path = System/Library/Frameworks/CoreGraphics.framework; sourceTree = SDKROOT; };
		B2784A461860A4FB0057F064 /* UIKit.framework */ = {isa = PBXFileReference; lastKnownFileType = wrapper.framework; name = UIKit.framework; path = System/Library/Frameworks/UIKit.framework; sourceTree = SDKROOT; };
		B2784A9718842C590057F064 /* CFNetwork.framework */ = {isa = PBXFileReference; lastKnownFileType = wrapper.framework; name = CFNetwork.framework; path = System/Library/Frameworks/CFNetwork.framework; sourceTree = SDKROOT; };
		B2784A9918842C880057F064 /* SystemConfiguration.framework */ = {isa = PBXFileReference; lastKnownFileType = wrapper.framework; name = SystemConfiguration.framework; path = System/Library/Frameworks/SystemConfiguration.framework; sourceTree = SDKROOT; };
		B2784A9B18842CC20057F064 /* libxml2.dylib */ = {isa = PBXFileReference; lastKnownFileType = "compiled.mach-o.dylib"; name = libxml2.dylib; path = usr/lib/libxml2.dylib; sourceTree = SDKROOT; };
/* End PBXFileReference section */

/* Begin PBXFrameworksBuildPhase section */
		B2784A3C1860A4FB0057F064 /* Frameworks */ = {
			isa = PBXFrameworksBuildPhase;
			buildActionMask = 2147483647;
			files = (
				2287C86218AFE1EC00F406AA /* libPods-Facebook-iOS-SDK.a in Frameworks */,
				2287C85C18AFDA5B00F406AA /* libCardIO.a in Frameworks */,
				2287C85818AFDA1700F406AA /* PayMillSDK.framework in Frameworks */,
				2287C85418AFD9F000F406AA /* Parse.framework in Frameworks */,
				B208405418917E3300A79D2C /* CoreMedia.framework in Frameworks */,
				B208405218917E0A00A79D2C /* CoreVideo.framework in Frameworks */,
				225604B41876F86500F0B637 /* QuartzCore.framework in Frameworks */,
				B208405018917BC700A79D2C /* OpenGLES.framework in Frameworks */,
				B208404E18917B8E00A79D2C /* AVFoundation.framework in Frameworks */,
				22560502188DD5D700F0B637 /* CoreData.framework in Frameworks */,
				225604BA1876F87900F0B637 /* SystemConfiguration.framework in Frameworks */,
				225604B81876F87300F0B637 /* StoreKit.framework in Frameworks */,
				225604B61876F86C00F0B637 /* Security.framework in Frameworks */,
				225604B21876F85400F0B637 /* MobileCoreServices.framework in Frameworks */,
				225604B01876F84D00F0B637 /* libz.1.1.3.dylib in Frameworks */,
				225604AE1876F84000F0B637 /* CoreLocation.framework in Frameworks */,
				B2784A451860A4FB0057F064 /* CoreGraphics.framework in Frameworks */,
				225604AC1876F82B00F0B637 /* CFNetwork.framework in Frameworks */,
				225604AA1876F82300F0B637 /* AudioToolbox.framework in Frameworks */,
				B2784A9A18842C890057F064 /* SystemConfiguration.framework in Frameworks */,
				B2784A9818842C590057F064 /* CFNetwork.framework in Frameworks */,
				B2784A471860A4FB0057F064 /* UIKit.framework in Frameworks */,
				B2784A431860A4FB0057F064 /* Foundation.framework in Frameworks */,
			);
			runOnlyForDeploymentPostprocessing = 0;
		};
/* End PBXFrameworksBuildPhase section */

/* Begin PBXGroup section */
		2287C7E518AE56BE00F406AA /* HoneyStore */ = {
			isa = PBXGroup;
			children = (
				2287C7EA18AE56BE00F406AA /* BusinessLogic */,
				2287C7FD18AE56BE00F406AA /* Screens */,
				2287C82B18AF98FA00F406AA /* PMLAccessoryBadge */,
				2287C7F918AE56BE00F406AA /* Resources */,
			);
			path = HoneyStore;
			sourceTree = "<group>";
		};
		2287C7EA18AE56BE00F406AA /* BusinessLogic */ = {
			isa = PBXGroup;
			children = (
				2287C7EB18AE56BE00F406AA /* PMLProduct.h */,
				2287C7EC18AE56BE00F406AA /* PMLProduct.m */,
				2287C7ED18AE56BE00F406AA /* PMLStoreController.h */,
				2287C7EE18AE56BE00F406AA /* PMLStoreController.m */,
			);
			path = BusinessLogic;
			sourceTree = "<group>";
		};
		2287C7F918AE56BE00F406AA /* Resources */ = {
			isa = PBXGroup;
			children = (
				2287C7FA18AE56BE00F406AA /* honey-for-sale-sign.jpg */,
				2287C7FB18AE56BE00F406AA /* product.png */,
				2287C7FC18AE56BE00F406AA /* product@2x.png */,
				2287C82418AE578000F406AA /* MainStoryBoard.storyboard */,
				B2084040189178F500A79D2C /* Default-568h@2x.png */,
			);
			path = Resources;
			sourceTree = "<group>";
		};
		2287C7FD18AE56BE00F406AA /* Screens */ = {
			isa = PBXGroup;
			children = (
				2287C7FE18AE56BE00F406AA /* PMLCheckoutViewController.h */,
				2287C7FF18AE56BE00F406AA /* PMLCheckoutViewController.m */,
				2287C80018AE56BE00F406AA /* PMLDefaultViewController.h */,
				2287C80118AE56BE00F406AA /* PMLDefaultViewController.m */,
				2287C80218AE56BE00F406AA /* Payment */,
				2287C80518AE56BE00F406AA /* PMLProductDetailsViewController.h */,
				2287C80618AE56BE00F406AA /* PMLProductDetailsViewController.m */,
				2287C80718AE56BE00F406AA /* PMLProductTableViewCell.h */,
				2287C80818AE56BE00F406AA /* PMLProductTableViewCell.m */,
				2287C80918AE56BE00F406AA /* PMLStoreViewController.h */,
				2287C80A18AE56BE00F406AA /* PMLStoreViewController.m */,
			);
			path = Screens;
			sourceTree = "<group>";
		};
		2287C80218AE56BE00F406AA /* Payment */ = {
			isa = PBXGroup;
			children = (
				2287C80318AE56BE00F406AA /* PMLPaymentViewController.h */,
				2287C80418AE56BE00F406AA /* PMLPaymentViewController.m */,
			);
			path = Payment;
			sourceTree = "<group>";
		};
		2287C82B18AF98FA00F406AA /* PMLAccessoryBadge */ = {
			isa = PBXGroup;
			children = (
				2287C82C18AF98FA00F406AA /* PMLAccessoryBadge.h */,
				2287C82D18AF98FA00F406AA /* PMLAccessoryBadge.m */,
			);
			path = PMLAccessoryBadge;
			sourceTree = "<group>";
		};
		2287C85118AFD9D400F406AA /* Parse */ = {
			isa = PBXGroup;
			children = (
				2287C85218AFD9D400F406AA /* Parse.framework */,
				2287C85318AFD9D400F406AA /* README.md */,
			);
			name = Parse;
			path = Pods/Parse;
			sourceTree = "<group>";
		};
		B2784A361860A4FB0057F064 = {
			isa = PBXGroup;
			children = (
				2287C85918AFDA3600F406AA /* MBProgressHUD.m */,
				2287C7E518AE56BE00F406AA /* HoneyStore */,
				B2784A491860A4FC0057F064 /* Supporting Files */,
				B2784A411860A4FB0057F064 /* Frameworks */,
				B2784A401860A4FB0057F064 /* Products */,
				083063FBD07C4CD1AE4A7EA8 /* Pods.xcconfig */,
			);
			sourceTree = "<group>";
		};
		B2784A401860A4FB0057F064 /* Products */ = {
			isa = PBXGroup;
			children = (
				B2784A3F1860A4FB0057F064 /* PAYMILL HoneyStore.app */,
			);
			name = Products;
			sourceTree = "<group>";
		};
		B2784A411860A4FB0057F064 /* Frameworks */ = {
			isa = PBXGroup;
			children = (
				2287C86118AFE1EC00F406AA /* libPods-Facebook-iOS-SDK.a */,
				2287C85B18AFDA5B00F406AA /* libCardIO.a */,
				2287C85718AFDA1700F406AA /* PayMillSDK.framework */,
				2287C85518AFDA0300F406AA /* MBProgressHUD.m */,
				2287C85118AFD9D400F406AA /* Parse */,
				B208405318917E3300A79D2C /* CoreMedia.framework */,
				B208405118917E0A00A79D2C /* CoreVideo.framework */,
				B208404F18917BC700A79D2C /* OpenGLES.framework */,
				B208404D18917B8E00A79D2C /* AVFoundation.framework */,
				22560501188DD5D700F0B637 /* CoreData.framework */,
				225604B91876F87900F0B637 /* SystemConfiguration.framework */,
				225604B71876F87300F0B637 /* StoreKit.framework */,
				225604B51876F86C00F0B637 /* Security.framework */,
				225604B31876F86500F0B637 /* QuartzCore.framework */,
				225604B11876F85400F0B637 /* MobileCoreServices.framework */,
				225604AF1876F84D00F0B637 /* libz.1.1.3.dylib */,
				225604AD1876F84000F0B637 /* CoreLocation.framework */,
				225604AB1876F82B00F0B637 /* CFNetwork.framework */,
				225604A91876F82300F0B637 /* AudioToolbox.framework */,
				B2784A9B18842CC20057F064 /* libxml2.dylib */,
				B2784A9918842C880057F064 /* SystemConfiguration.framework */,
				B2784A9718842C590057F064 /* CFNetwork.framework */,
				B2784A421860A4FB0057F064 /* Foundation.framework */,
				B2784A441860A4FB0057F064 /* CoreGraphics.framework */,
				B2784A461860A4FB0057F064 /* UIKit.framework */,
			);
			name = Frameworks;
			sourceTree = "<group>";
		};
		B2784A491860A4FC0057F064 /* Supporting Files */ = {
			isa = PBXGroup;
			children = (
				2287C82818AE57E700F406AA /* InfoPlist.strings */,
				2287C81E18AE576300F406AA /* AppDelegate.h */,
				2287C81F18AE576300F406AA /* AppDelegate.m */,
				2287C82118AE578000F406AA /* PAYMILL HoneyStore-Info.plist */,
				2287C82218AE578000F406AA /* PAYMILL HoneyStore-Prefix.pch */,
				2287C82318AE578000F406AA /* main.m */,
			);
			name = "Supporting Files";
			path = "Honey on Sale";
			sourceTree = "<group>";
		};
/* End PBXGroup section */

/* Begin PBXNativeTarget section */
		B2784A3E1860A4FB0057F064 /* PAYMILL HoneyStore */ = {
			isa = PBXNativeTarget;
			buildConfigurationList = B2784A771860A4FC0057F064 /* Build configuration list for PBXNativeTarget "PAYMILL HoneyStore" */;
			buildPhases = (
				FFE5A82F1875495299AF5C3D /* Check Pods Manifest.lock */,
				B2784A3B1860A4FB0057F064 /* Sources */,
				B2784A3C1860A4FB0057F064 /* Frameworks */,
				B2784A3D1860A4FB0057F064 /* Resources */,
				48D1DFD75736447A94F5303A /* Copy Pods Resources */,
			);
			buildRules = (
			);
			dependencies = (
			);
			name = "PAYMILL HoneyStore";
			productName = "Honey on Sale";
			productReference = B2784A3F1860A4FB0057F064 /* PAYMILL HoneyStore.app */;
			productType = "com.apple.product-type.application";
		};
/* End PBXNativeTarget section */

/* Begin PBXProject section */
		B2784A371860A4FB0057F064 /* Project object */ = {
			isa = PBXProject;
			attributes = {
				LastUpgradeCheck = 0500;
				ORGANIZATIONNAME = "Vladimir Marinov";
			};
			buildConfigurationList = B2784A3A1860A4FB0057F064 /* Build configuration list for PBXProject "PAYMILL HoneyStore" */;
			compatibilityVersion = "Xcode 3.2";
			developmentRegion = English;
			hasScannedForEncodings = 0;
			knownRegions = (
				en,
				Base,
			);
			mainGroup = B2784A361860A4FB0057F064;
			productRefGroup = B2784A401860A4FB0057F064 /* Products */;
			projectDirPath = "";
			projectRoot = "";
			targets = (
				B2784A3E1860A4FB0057F064 /* PAYMILL HoneyStore */,
			);
		};
/* End PBXProject section */

/* Begin PBXResourcesBuildPhase section */
		B2784A3D1860A4FB0057F064 /* Resources */ = {
			isa = PBXResourcesBuildPhase;
			buildActionMask = 2147483647;
			files = (
				2287C82A18AE57E700F406AA /* InfoPlist.strings in Resources */,
				2287C81618AE56BE00F406AA /* product.png in Resources */,
				B2084041189178F500A79D2C /* Default-568h@2x.png in Resources */,
				2287C81518AE56BE00F406AA /* honey-for-sale-sign.jpg in Resources */,
				2287C81718AE56BE00F406AA /* product@2x.png in Resources */,
				2287C82718AE578000F406AA /* MainStoryBoard.storyboard in Resources */,
			);
			runOnlyForDeploymentPostprocessing = 0;
		};
/* End PBXResourcesBuildPhase section */

/* Begin PBXShellScriptBuildPhase section */
		48D1DFD75736447A94F5303A /* Copy Pods Resources */ = {
			isa = PBXShellScriptBuildPhase;
			buildActionMask = 2147483647;
			files = (
			);
			inputPaths = (
			);
			name = "Copy Pods Resources";
			outputPaths = (
			);
			runOnlyForDeploymentPostprocessing = 0;
			shellPath = /bin/sh;
			shellScript = "\"${SRCROOT}/Pods/Pods-resources.sh\"\n";
			showEnvVarsInLog = 0;
		};
		FFE5A82F1875495299AF5C3D /* Check Pods Manifest.lock */ = {
			isa = PBXShellScriptBuildPhase;
			buildActionMask = 2147483647;
			files = (
			);
			inputPaths = (
			);
			name = "Check Pods Manifest.lock";
			outputPaths = (
			);
			runOnlyForDeploymentPostprocessing = 0;
			shellPath = /bin/sh;
			shellScript = "diff \"${PODS_ROOT}/../Podfile.lock\" \"${PODS_ROOT}/Manifest.lock\" > /dev/null\nif [[ $? != 0 ]] ; then\n    cat << EOM\nerror: The sandbox is not in sync with the Podfile.lock. Run 'pod install' or update your CocoaPods installation.\nEOM\n    exit 1\nfi\n";
			showEnvVarsInLog = 0;
		};
/* End PBXShellScriptBuildPhase section */

/* Begin PBXSourcesBuildPhase section */
		B2784A3B1860A4FB0057F064 /* Sources */ = {
			isa = PBXSourcesBuildPhase;
			buildActionMask = 2147483647;
			files = (
				2287C85A18AFDA3600F406AA /* MBProgressHUD.m in Sources */,
				2287C81818AE56BE00F406AA /* PMLCheckoutViewController.m in Sources */,
				2287C80D18AE56BE00F406AA /* PMLProduct.m in Sources */,
				2287C81A18AE56BE00F406AA /* PMLPaymentViewController.m in Sources */,
				2287C82018AE576300F406AA /* AppDelegate.m in Sources */,
				2287C82E18AF98FA00F406AA /* PMLAccessoryBadge.m in Sources */,
				2287C81B18AE56BE00F406AA /* PMLProductDetailsViewController.m in Sources */,
				2287C81C18AE56BE00F406AA /* PMLProductTableViewCell.m in Sources */,
				2287C81D18AE56BE00F406AA /* PMLStoreViewController.m in Sources */,
				2287C81918AE56BE00F406AA /* PMLDefaultViewController.m in Sources */,
				2287C82618AE578000F406AA /* main.m in Sources */,
				2287C80E18AE56BE00F406AA /* PMLStoreController.m in Sources */,
			);
			runOnlyForDeploymentPostprocessing = 0;
		};
/* End PBXSourcesBuildPhase section */

/* Begin PBXVariantGroup section */
		2287C82818AE57E700F406AA /* InfoPlist.strings */ = {
			isa = PBXVariantGroup;
			children = (
				2287C82918AE57E700F406AA /* en */,
			);
			name = InfoPlist.strings;
			sourceTree = "<group>";
		};
/* End PBXVariantGroup section */

/* Begin XCBuildConfiguration section */
		B2784A751860A4FC0057F064 /* Debug */ = {
			isa = XCBuildConfiguration;
			baseConfigurationReference = 083063FBD07C4CD1AE4A7EA8 /* Pods.xcconfig */;
			buildSettings = {
				ALWAYS_SEARCH_USER_PATHS = NO;
				ARCHS = "$(ARCHS_STANDARD_INCLUDING_64_BIT)";
				CLANG_CXX_LANGUAGE_STANDARD = "gnu++0x";
				CLANG_CXX_LIBRARY = "libc++";
				CLANG_ENABLE_MODULES = YES;
				CLANG_ENABLE_OBJC_ARC = YES;
				CLANG_WARN_BOOL_CONVERSION = YES;
				CLANG_WARN_CONSTANT_CONVERSION = YES;
				CLANG_WARN_DIRECT_OBJC_ISA_USAGE = YES_ERROR;
				CLANG_WARN_EMPTY_BODY = YES;
				CLANG_WARN_ENUM_CONVERSION = YES;
				CLANG_WARN_INT_CONVERSION = YES;
				CLANG_WARN_OBJC_ROOT_CLASS = YES_ERROR;
				CLANG_WARN__DUPLICATE_METHOD_MATCH = YES;
				"CODE_SIGN_IDENTITY[sdk=iphoneos*]" = "iPhone Developer";
				COPY_PHASE_STRIP = NO;
				GCC_C_LANGUAGE_STANDARD = gnu99;
				GCC_DYNAMIC_NO_PIC = NO;
				GCC_OPTIMIZATION_LEVEL = 0;
				GCC_PREPROCESSOR_DEFINITIONS = (
					"DEBUG=1",
					"$(inherited)",
				);
				GCC_SYMBOLS_PRIVATE_EXTERN = NO;
				GCC_WARN_64_TO_32_BIT_CONVERSION = YES;
				GCC_WARN_ABOUT_RETURN_TYPE = YES_ERROR;
				GCC_WARN_UNDECLARED_SELECTOR = YES;
				GCC_WARN_UNINITIALIZED_AUTOS = YES;
				GCC_WARN_UNUSED_FUNCTION = YES;
				GCC_WARN_UNUSED_VARIABLE = YES;
				IPHONEOS_DEPLOYMENT_TARGET = 6.1;
				ONLY_ACTIVE_ARCH = YES;
				SDKROOT = iphoneos;
				TARGETED_DEVICE_FAMILY = 1;
				VALID_ARCHS = "armv7 arm64 armv7s";
			};
			name = Debug;
		};
		B2784A761860A4FC0057F064 /* Release */ = {
			isa = XCBuildConfiguration;
			baseConfigurationReference = 083063FBD07C4CD1AE4A7EA8 /* Pods.xcconfig */;
			buildSettings = {
				ALWAYS_SEARCH_USER_PATHS = NO;
				ARCHS = "$(ARCHS_STANDARD_INCLUDING_64_BIT)";
				CLANG_CXX_LANGUAGE_STANDARD = "gnu++0x";
				CLANG_CXX_LIBRARY = "libc++";
				CLANG_ENABLE_MODULES = YES;
				CLANG_ENABLE_OBJC_ARC = YES;
				CLANG_WARN_BOOL_CONVERSION = YES;
				CLANG_WARN_CONSTANT_CONVERSION = YES;
				CLANG_WARN_DIRECT_OBJC_ISA_USAGE = YES_ERROR;
				CLANG_WARN_EMPTY_BODY = YES;
				CLANG_WARN_ENUM_CONVERSION = YES;
				CLANG_WARN_INT_CONVERSION = YES;
				CLANG_WARN_OBJC_ROOT_CLASS = YES_ERROR;
				CLANG_WARN__DUPLICATE_METHOD_MATCH = YES;
				"CODE_SIGN_IDENTITY[sdk=iphoneos*]" = "iPhone Developer";
				COPY_PHASE_STRIP = YES;
				ENABLE_NS_ASSERTIONS = NO;
				GCC_C_LANGUAGE_STANDARD = gnu99;
				GCC_WARN_64_TO_32_BIT_CONVERSION = YES;
				GCC_WARN_ABOUT_RETURN_TYPE = YES_ERROR;
				GCC_WARN_UNDECLARED_SELECTOR = YES;
				GCC_WARN_UNINITIALIZED_AUTOS = YES;
				GCC_WARN_UNUSED_FUNCTION = YES;
				GCC_WARN_UNUSED_VARIABLE = YES;
				IPHONEOS_DEPLOYMENT_TARGET = 6.1;
				ONLY_ACTIVE_ARCH = YES;
				SDKROOT = iphoneos;
				TARGETED_DEVICE_FAMILY = 1;
				VALIDATE_PRODUCT = YES;
				VALID_ARCHS = "armv7 arm64 armv7s";
			};
			name = Release;
		};
		B2784A781860A4FC0057F064 /* Debug */ = {
			isa = XCBuildConfiguration;
			baseConfigurationReference = 083063FBD07C4CD1AE4A7EA8 /* Pods.xcconfig */;
			buildSettings = {
				FRAMEWORK_SEARCH_PATHS = (
					"$(inherited)",
					"$(SRCROOT)",
					"\\\"$(SRCROOT)/PayMillSDK\\\"",
					"\\\"$(SRCROOT)/Pods/Parse\\\"",
					"\\\"$(SRCROOT)/Pods/PayMillSDK/samples/vouchermill/PayMillSDK\\\"",
					"/Users/vladimirmarinov/Documents/work/paymill-honey-on-sale/Pods/Parse",
					"/Users/vladimirmarinov/Documents/work/paymill-honey-on-sale/Pods/PayMillSDK/samples/vouchermill/PayMillSDK",
					/Users/vladimirmarinov/Documents/work,
				);
				GCC_PRECOMPILE_PREFIX_HEADER = YES;
				GCC_PREFIX_HEADER = "HoneyStore/PAYMILL HoneyStore-Prefix.pch";
				INFOPLIST_FILE = "HoneyStore/PAYMILL HoneyStore-Info.plist";
				LIBRARY_SEARCH_PATHS = (
					"$(inherited)",
					"\\\"$(SRCROOT)/Pods/build/Debug-iphonesimulator\\\"",
					"\\\"$(SRCROOT)/Pods/CardIO/CardIO\\\"",
					"/Users/vladimirmarinov/Documents/work/paymill-honey-on-sale/DerivedData/HoneyStore/Build/Products/Debug-iphonesimulator",
					"/Users/vladimirmarinov/Documents/work/paymill-honey-on-sale/Pods/CardIO/CardIO",
				);
				OTHER_CFLAGS = "$(inherited)";
				OTHER_LDFLAGS = (
					"-lstdc++",
					"-ObjC",
				);
				PRODUCT_NAME = "PAYMILL HoneyStore";
				SDKROOT = iphoneos;
				TARGETED_DEVICE_FAMILY = 1;
				WRAPPER_EXTENSION = app;
			};
			name = Debug;
		};
		B2784A791860A4FC0057F064 /* Release */ = {
			isa = XCBuildConfiguration;
			baseConfigurationReference = 083063FBD07C4CD1AE4A7EA8 /* Pods.xcconfig */;
			buildSettings = {
				FRAMEWORK_SEARCH_PATHS = (
					"$(inherited)",
					"$(SRCROOT)",
					"\\\"$(SRCROOT)/PayMillSDK\\\"",
					"/Users/Lupo/Documents/Projects/Honey\\ on\\ Sale",
					"/Users/Lupo/Documents/Projects/Honey\\ on\\ Sale/PayMillSDK",
					"\\\"$(SRCROOT)/Pods/Parse\\\"",
					"\\\"$(SRCROOT)/Pods/PayMillSDK/samples/vouchermill/PayMillSDK\\\"",
					"/Users/vladimirmarinov/Documents/work/paymill-honey-on-sale/Pods/Parse",
					"/Users/vladimirmarinov/Documents/work/paymill-honey-on-sale/Pods/PayMillSDK/samples/vouchermill/PayMillSDK",
					/Users/vladimirmarinov/Documents/work,
				);
				GCC_PRECOMPILE_PREFIX_HEADER = YES;
				GCC_PREFIX_HEADER = "HoneyStore/PAYMILL HoneyStore-Prefix.pch";
				INFOPLIST_FILE = "HoneyStore/PAYMILL HoneyStore-Info.plist";
				LIBRARY_SEARCH_PATHS = (
					"$(inherited)",
					"\\\"$(SRCROOT)/Pods/build/Debug-iphonesimulator\\\"",
					"\\\"$(SRCROOT)/Pods/CardIO/CardIO\\\"",
					"/Users/vladimirmarinov/Documents/work/paymill-honey-on-sale/DerivedData/HoneyStore/Build/Products/Debug-iphonesimulator",
					"/Users/vladimirmarinov/Documents/work/paymill-honey-on-sale/Pods/CardIO/CardIO",
				);
				OTHER_CFLAGS = "$(inherited)";
				OTHER_LDFLAGS = (
					"-lstdc++",
					"-ObjC",
				);
				PRODUCT_NAME = "PAYMILL HoneyStore";
				SDKROOT = iphoneos;
				TARGETED_DEVICE_FAMILY = 1;
				WRAPPER_EXTENSION = app;
			};
			name = Release;
		};
/* End XCBuildConfiguration section */

/* Begin XCConfigurationList section */
		B2784A3A1860A4FB0057F064 /* Build configuration list for PBXProject "PAYMILL HoneyStore" */ = {
			isa = XCConfigurationList;
			buildConfigurations = (
				B2784A751860A4FC0057F064 /* Debug */,
				B2784A761860A4FC0057F064 /* Release */,
			);
			defaultConfigurationIsVisible = 0;
			defaultConfigurationName = Release;
		};
		B2784A771860A4FC0057F064 /* Build configuration list for PBXNativeTarget "PAYMILL HoneyStore" */ = {
			isa = XCConfigurationList;
			buildConfigurations = (
				B2784A781860A4FC0057F064 /* Debug */,
				B2784A791860A4FC0057F064 /* Release */,
			);
			defaultConfigurationIsVisible = 0;
			defaultConfigurationName = Release;
		};
/* End XCConfigurationList section */
	};
	rootObject = B2784A371860A4FB0057F064 /* Project object */;
}
